// !$*UTF8*$!
{
	archiveVersion = 1;
	classes = {
	};
	objectVersion = 46;
	objects = {

/* Begin PBXBuildFile section */
		AD1A3EDE15FC11C50093DAE2 /* Common.cpp in Sources */ = {isa = PBXBuildFile; fileRef = AD1A3EDD15FC11C50093DAE2 /* Common.cpp */; };
		AD4AB4D015FC0D4A0004499F /* PhysicsObject.cpp in Sources */ = {isa = PBXBuildFile; fileRef = AD4AB4CE15FC0D4A0004499F /* PhysicsObject.cpp */; };
		ADA1C64B15F3D5E70004914B /* GameObject.cpp in Sources */ = {isa = PBXBuildFile; fileRef = ADA1C64915F3D5E70004914B /* GameObject.cpp */; };
		ADACB41215F473F10031D8EA /* b2BroadPhase.cpp in Sources */ = {isa = PBXBuildFile; fileRef = ADACB3B215F473F10031D8EA /* b2BroadPhase.cpp */; };
		ADACB41315F473F10031D8EA /* b2CollideCircle.cpp in Sources */ = {isa = PBXBuildFile; fileRef = ADACB3B415F473F10031D8EA /* b2CollideCircle.cpp */; };
		ADACB41415F473F10031D8EA /* b2CollideEdge.cpp in Sources */ = {isa = PBXBuildFile; fileRef = ADACB3B515F473F10031D8EA /* b2CollideEdge.cpp */; };
		ADACB41515F473F10031D8EA /* b2CollidePolygon.cpp in Sources */ = {isa = PBXBuildFile; fileRef = ADACB3B615F473F10031D8EA /* b2CollidePolygon.cpp */; };
		ADACB41615F473F10031D8EA /* b2Collision.cpp in Sources */ = {isa = PBXBuildFile; fileRef = ADACB3B715F473F10031D8EA /* b2Collision.cpp */; };
		ADACB41715F473F10031D8EA /* b2Distance.cpp in Sources */ = {isa = PBXBuildFile; fileRef = ADACB3B915F473F10031D8EA /* b2Distance.cpp */; };
		ADACB41815F473F10031D8EA /* b2DynamicTree.cpp in Sources */ = {isa = PBXBuildFile; fileRef = ADACB3BB15F473F10031D8EA /* b2DynamicTree.cpp */; };
		ADACB41915F473F10031D8EA /* b2TimeOfImpact.cpp in Sources */ = {isa = PBXBuildFile; fileRef = ADACB3BD15F473F10031D8EA /* b2TimeOfImpact.cpp */; };
		ADACB41A15F473F10031D8EA /* b2ChainShape.cpp in Sources */ = {isa = PBXBuildFile; fileRef = ADACB3C015F473F10031D8EA /* b2ChainShape.cpp */; };
		ADACB41B15F473F10031D8EA /* b2CircleShape.cpp in Sources */ = {isa = PBXBuildFile; fileRef = ADACB3C215F473F10031D8EA /* b2CircleShape.cpp */; };
		ADACB41C15F473F10031D8EA /* b2EdgeShape.cpp in Sources */ = {isa = PBXBuildFile; fileRef = ADACB3C415F473F10031D8EA /* b2EdgeShape.cpp */; };
		ADACB41D15F473F10031D8EA /* b2PolygonShape.cpp in Sources */ = {isa = PBXBuildFile; fileRef = ADACB3C615F473F10031D8EA /* b2PolygonShape.cpp */; };
		ADACB41E15F473F10031D8EA /* b2BlockAllocator.cpp in Sources */ = {isa = PBXBuildFile; fileRef = ADACB3CA15F473F10031D8EA /* b2BlockAllocator.cpp */; };
		ADACB41F15F473F10031D8EA /* b2Draw.cpp in Sources */ = {isa = PBXBuildFile; fileRef = ADACB3CC15F473F10031D8EA /* b2Draw.cpp */; };
		ADACB42015F473F10031D8EA /* b2Math.cpp in Sources */ = {isa = PBXBuildFile; fileRef = ADACB3CF15F473F10031D8EA /* b2Math.cpp */; };
		ADACB42115F473F10031D8EA /* b2Settings.cpp in Sources */ = {isa = PBXBuildFile; fileRef = ADACB3D115F473F10031D8EA /* b2Settings.cpp */; };
		ADACB42215F473F10031D8EA /* b2StackAllocator.cpp in Sources */ = {isa = PBXBuildFile; fileRef = ADACB3D315F473F10031D8EA /* b2StackAllocator.cpp */; };
		ADACB42315F473F10031D8EA /* b2Timer.cpp in Sources */ = {isa = PBXBuildFile; fileRef = ADACB3D515F473F10031D8EA /* b2Timer.cpp */; };
		ADACB42415F473F10031D8EA /* b2Body.cpp in Sources */ = {isa = PBXBuildFile; fileRef = ADACB3D815F473F10031D8EA /* b2Body.cpp */; };
		ADACB42515F473F10031D8EA /* b2ContactManager.cpp in Sources */ = {isa = PBXBuildFile; fileRef = ADACB3DA15F473F10031D8EA /* b2ContactManager.cpp */; };
		ADACB42615F473F10031D8EA /* b2Fixture.cpp in Sources */ = {isa = PBXBuildFile; fileRef = ADACB3DC15F473F10031D8EA /* b2Fixture.cpp */; };
		ADACB42715F473F10031D8EA /* b2Island.cpp in Sources */ = {isa = PBXBuildFile; fileRef = ADACB3DE15F473F10031D8EA /* b2Island.cpp */; };
		ADACB42815F473F10031D8EA /* b2World.cpp in Sources */ = {isa = PBXBuildFile; fileRef = ADACB3E115F473F10031D8EA /* b2World.cpp */; };
		ADACB42915F473F10031D8EA /* b2WorldCallbacks.cpp in Sources */ = {isa = PBXBuildFile; fileRef = ADACB3E315F473F10031D8EA /* b2WorldCallbacks.cpp */; };
		ADACB42A15F473F10031D8EA /* b2ChainAndCircleContact.cpp in Sources */ = {isa = PBXBuildFile; fileRef = ADACB3E615F473F10031D8EA /* b2ChainAndCircleContact.cpp */; };
		ADACB42B15F473F10031D8EA /* b2ChainAndPolygonContact.cpp in Sources */ = {isa = PBXBuildFile; fileRef = ADACB3E815F473F10031D8EA /* b2ChainAndPolygonContact.cpp */; };
		ADACB42C15F473F10031D8EA /* b2CircleContact.cpp in Sources */ = {isa = PBXBuildFile; fileRef = ADACB3EA15F473F10031D8EA /* b2CircleContact.cpp */; };
		ADACB42D15F473F10031D8EA /* b2Contact.cpp in Sources */ = {isa = PBXBuildFile; fileRef = ADACB3EC15F473F10031D8EA /* b2Contact.cpp */; };
		ADACB42E15F473F10031D8EA /* b2ContactSolver.cpp in Sources */ = {isa = PBXBuildFile; fileRef = ADACB3EE15F473F10031D8EA /* b2ContactSolver.cpp */; };
		ADACB42F15F473F10031D8EA /* b2EdgeAndCircleContact.cpp in Sources */ = {isa = PBXBuildFile; fileRef = ADACB3F015F473F10031D8EA /* b2EdgeAndCircleContact.cpp */; };
		ADACB43015F473F10031D8EA /* b2EdgeAndPolygonContact.cpp in Sources */ = {isa = PBXBuildFile; fileRef = ADACB3F215F473F10031D8EA /* b2EdgeAndPolygonContact.cpp */; };
		ADACB43115F473F10031D8EA /* b2PolygonAndCircleContact.cpp in Sources */ = {isa = PBXBuildFile; fileRef = ADACB3F415F473F10031D8EA /* b2PolygonAndCircleContact.cpp */; };
		ADACB43215F473F10031D8EA /* b2PolygonContact.cpp in Sources */ = {isa = PBXBuildFile; fileRef = ADACB3F615F473F10031D8EA /* b2PolygonContact.cpp */; };
		ADACB43315F473F10031D8EA /* b2DistanceJoint.cpp in Sources */ = {isa = PBXBuildFile; fileRef = ADACB3F915F473F10031D8EA /* b2DistanceJoint.cpp */; };
		ADACB43415F473F10031D8EA /* b2FrictionJoint.cpp in Sources */ = {isa = PBXBuildFile; fileRef = ADACB3FB15F473F10031D8EA /* b2FrictionJoint.cpp */; };
		ADACB43515F473F10031D8EA /* b2GearJoint.cpp in Sources */ = {isa = PBXBuildFile; fileRef = ADACB3FD15F473F10031D8EA /* b2GearJoint.cpp */; };
		ADACB43615F473F10031D8EA /* b2Joint.cpp in Sources */ = {isa = PBXBuildFile; fileRef = ADACB3FF15F473F10031D8EA /* b2Joint.cpp */; };
		ADACB43715F473F10031D8EA /* b2MouseJoint.cpp in Sources */ = {isa = PBXBuildFile; fileRef = ADACB40115F473F10031D8EA /* b2MouseJoint.cpp */; };
		ADACB43815F473F10031D8EA /* b2PrismaticJoint.cpp in Sources */ = {isa = PBXBuildFile; fileRef = ADACB40315F473F10031D8EA /* b2PrismaticJoint.cpp */; };
		ADACB43915F473F10031D8EA /* b2PulleyJoint.cpp in Sources */ = {isa = PBXBuildFile; fileRef = ADACB40515F473F10031D8EA /* b2PulleyJoint.cpp */; };
		ADACB43A15F473F10031D8EA /* b2RevoluteJoint.cpp in Sources */ = {isa = PBXBuildFile; fileRef = ADACB40715F473F10031D8EA /* b2RevoluteJoint.cpp */; };
		ADACB43B15F473F10031D8EA /* b2RopeJoint.cpp in Sources */ = {isa = PBXBuildFile; fileRef = ADACB40915F473F10031D8EA /* b2RopeJoint.cpp */; };
		ADACB43C15F473F10031D8EA /* b2WeldJoint.cpp in Sources */ = {isa = PBXBuildFile; fileRef = ADACB40B15F473F10031D8EA /* b2WeldJoint.cpp */; };
		ADACB43D15F473F10031D8EA /* b2WheelJoint.cpp in Sources */ = {isa = PBXBuildFile; fileRef = ADACB40D15F473F10031D8EA /* b2WheelJoint.cpp */; };
		ADACB43E15F473F10031D8EA /* b2Rope.cpp in Sources */ = {isa = PBXBuildFile; fileRef = ADACB41015F473F10031D8EA /* b2Rope.cpp */; };
		ADD5EABE15F325C5005E20E7 /* UIKit.framework in Frameworks */ = {isa = PBXBuildFile; fileRef = ADD5EABD15F325C5005E20E7 /* UIKit.framework */; };
		ADD5EAC015F325C5005E20E7 /* Foundation.framework in Frameworks */ = {isa = PBXBuildFile; fileRef = ADD5EABF15F325C5005E20E7 /* Foundation.framework */; };
		ADD5EAC215F325C5005E20E7 /* CoreGraphics.framework in Frameworks */ = {isa = PBXBuildFile; fileRef = ADD5EAC115F325C5005E20E7 /* CoreGraphics.framework */; };
		ADD5EAC815F325C5005E20E7 /* InfoPlist.strings in Resources */ = {isa = PBXBuildFile; fileRef = ADD5EAC615F325C5005E20E7 /* InfoPlist.strings */; };
		ADD5EACA15F325C5005E20E7 /* main.m in Sources */ = {isa = PBXBuildFile; fileRef = ADD5EAC915F325C5005E20E7 /* main.m */; };
		ADD5EACE15F325C5005E20E7 /* AppDelegate.m in Sources */ = {isa = PBXBuildFile; fileRef = ADD5EACD15F325C5005E20E7 /* AppDelegate.m */; };
		ADD5EAD815F32753005E20E7 /* AutoCrit.cpp in Sources */ = {isa = PBXBuildFile; fileRef = ADD5EAD615F32753005E20E7 /* AutoCrit.cpp */; };
		ADF57F1215F5BE2900DDBFBC /* lapi.c in Sources */ = {isa = PBXBuildFile; fileRef = ADF57ED715F5BE2900DDBFBC /* lapi.c */; };
		ADF57F1315F5BE2900DDBFBC /* lauxlib.c in Sources */ = {isa = PBXBuildFile; fileRef = ADF57ED915F5BE2900DDBFBC /* lauxlib.c */; };
		ADF57F1415F5BE2900DDBFBC /* lbaselib.c in Sources */ = {isa = PBXBuildFile; fileRef = ADF57EDB15F5BE2900DDBFBC /* lbaselib.c */; };
		ADF57F1515F5BE2900DDBFBC /* lbitlib.c in Sources */ = {isa = PBXBuildFile; fileRef = ADF57EDC15F5BE2900DDBFBC /* lbitlib.c */; };
		ADF57F1615F5BE2900DDBFBC /* lcode.c in Sources */ = {isa = PBXBuildFile; fileRef = ADF57EDD15F5BE2900DDBFBC /* lcode.c */; };
		ADF57F1715F5BE2900DDBFBC /* lcorolib.c in Sources */ = {isa = PBXBuildFile; fileRef = ADF57EDF15F5BE2900DDBFBC /* lcorolib.c */; };
		ADF57F1815F5BE2900DDBFBC /* lctype.c in Sources */ = {isa = PBXBuildFile; fileRef = ADF57EE015F5BE2900DDBFBC /* lctype.c */; };
		ADF57F1915F5BE2900DDBFBC /* ldblib.c in Sources */ = {isa = PBXBuildFile; fileRef = ADF57EE215F5BE2900DDBFBC /* ldblib.c */; };
		ADF57F1A15F5BE2900DDBFBC /* ldebug.c in Sources */ = {isa = PBXBuildFile; fileRef = ADF57EE315F5BE2900DDBFBC /* ldebug.c */; };
		ADF57F1B15F5BE2900DDBFBC /* ldo.c in Sources */ = {isa = PBXBuildFile; fileRef = ADF57EE515F5BE2900DDBFBC /* ldo.c */; };
		ADF57F1C15F5BE2900DDBFBC /* ldump.c in Sources */ = {isa = PBXBuildFile; fileRef = ADF57EE715F5BE2900DDBFBC /* ldump.c */; };
		ADF57F1D15F5BE2900DDBFBC /* lfunc.c in Sources */ = {isa = PBXBuildFile; fileRef = ADF57EE815F5BE2900DDBFBC /* lfunc.c */; };
		ADF57F1E15F5BE2900DDBFBC /* lgc.c in Sources */ = {isa = PBXBuildFile; fileRef = ADF57EEA15F5BE2900DDBFBC /* lgc.c */; };
		ADF57F1F15F5BE2900DDBFBC /* linit.c in Sources */ = {isa = PBXBuildFile; fileRef = ADF57EEC15F5BE2900DDBFBC /* linit.c */; };
		ADF57F2015F5BE2900DDBFBC /* liolib.c in Sources */ = {isa = PBXBuildFile; fileRef = ADF57EED15F5BE2900DDBFBC /* liolib.c */; };
		ADF57F2115F5BE2900DDBFBC /* llex.c in Sources */ = {isa = PBXBuildFile; fileRef = ADF57EEE15F5BE2900DDBFBC /* llex.c */; };
		ADF57F2215F5BE2900DDBFBC /* lmathlib.c in Sources */ = {isa = PBXBuildFile; fileRef = ADF57EF115F5BE2900DDBFBC /* lmathlib.c */; };
		ADF57F2315F5BE2900DDBFBC /* lmem.c in Sources */ = {isa = PBXBuildFile; fileRef = ADF57EF215F5BE2900DDBFBC /* lmem.c */; };
		ADF57F2415F5BE2900DDBFBC /* loadlib.c in Sources */ = {isa = PBXBuildFile; fileRef = ADF57EF415F5BE2900DDBFBC /* loadlib.c */; };
		ADF57F2515F5BE2900DDBFBC /* lobject.c in Sources */ = {isa = PBXBuildFile; fileRef = ADF57EF515F5BE2900DDBFBC /* lobject.c */; };
		ADF57F2615F5BE2900DDBFBC /* lopcodes.c in Sources */ = {isa = PBXBuildFile; fileRef = ADF57EF715F5BE2900DDBFBC /* lopcodes.c */; };
		ADF57F2715F5BE2900DDBFBC /* loslib.c in Sources */ = {isa = PBXBuildFile; fileRef = ADF57EF915F5BE2900DDBFBC /* loslib.c */; };
		ADF57F2815F5BE2900DDBFBC /* lparser.c in Sources */ = {isa = PBXBuildFile; fileRef = ADF57EFA15F5BE2900DDBFBC /* lparser.c */; };
		ADF57F2915F5BE2900DDBFBC /* lstate.c in Sources */ = {isa = PBXBuildFile; fileRef = ADF57EFC15F5BE2900DDBFBC /* lstate.c */; };
		ADF57F2A15F5BE2900DDBFBC /* lstring.c in Sources */ = {isa = PBXBuildFile; fileRef = ADF57EFE15F5BE2900DDBFBC /* lstring.c */; };
		ADF57F2B15F5BE2900DDBFBC /* lstrlib.c in Sources */ = {isa = PBXBuildFile; fileRef = ADF57F0015F5BE2900DDBFBC /* lstrlib.c */; };
		ADF57F2C15F5BE2900DDBFBC /* ltable.c in Sources */ = {isa = PBXBuildFile; fileRef = ADF57F0115F5BE2900DDBFBC /* ltable.c */; };
		ADF57F2D15F5BE2900DDBFBC /* ltablib.c in Sources */ = {isa = PBXBuildFile; fileRef = ADF57F0315F5BE2900DDBFBC /* ltablib.c */; };
		ADF57F2E15F5BE2900DDBFBC /* ltm.c in Sources */ = {isa = PBXBuildFile; fileRef = ADF57F0415F5BE2900DDBFBC /* ltm.c */; };
		ADF57F3115F5BE2900DDBFBC /* lundump.c in Sources */ = {isa = PBXBuildFile; fileRef = ADF57F0C15F5BE2900DDBFBC /* lundump.c */; };
		ADF57F3215F5BE2900DDBFBC /* lvm.c in Sources */ = {isa = PBXBuildFile; fileRef = ADF57F0E15F5BE2900DDBFBC /* lvm.c */; };
		ADF57F3315F5BE2900DDBFBC /* lzio.c in Sources */ = {isa = PBXBuildFile; fileRef = ADF57F1015F5BE2900DDBFBC /* lzio.c */; };
		ADF57F3715F5C29000DDBFBC /* LUAObject.cpp in Sources */ = {isa = PBXBuildFile; fileRef = ADF57F3515F5C29000DDBFBC /* LUAObject.cpp */; };
/* End PBXBuildFile section */

/* Begin PBXFileReference section */
		AD1A3EDD15FC11C50093DAE2 /* Common.cpp */ = {isa = PBXFileReference; fileEncoding = 4; lastKnownFileType = sourcecode.cpp.cpp; name = Common.cpp; path = ../../Source/Common.cpp; sourceTree = "<group>"; };
		AD4AB4CE15FC0D4A0004499F /* PhysicsObject.cpp */ = {isa = PBXFileReference; fileEncoding = 4; lastKnownFileType = sourcecode.cpp.cpp; name = PhysicsObject.cpp; path = ../../Source/PhysicsObject.cpp; sourceTree = "<group>"; };
		AD4AB4CF15FC0D4A0004499F /* PhysicsObject.h */ = {isa = PBXFileReference; fileEncoding = 4; lastKnownFileType = sourcecode.c.h; name = PhysicsObject.h; path = ../../Source/PhysicsObject.h; sourceTree = "<group>"; };
		ADA1C64915F3D5E70004914B /* GameObject.cpp */ = {isa = PBXFileReference; fileEncoding = 4; lastKnownFileType = sourcecode.cpp.cpp; name = GameObject.cpp; path = ../../Source/GameObject.cpp; sourceTree = "<group>"; };
		ADA1C64A15F3D5E70004914B /* GameObject.h */ = {isa = PBXFileReference; fileEncoding = 4; lastKnownFileType = sourcecode.c.h; name = GameObject.h; path = ../../Source/GameObject.h; sourceTree = "<group>"; };
		ADACB3B015F473F10031D8EA /* Box2D.h */ = {isa = PBXFileReference; fileEncoding = 4; lastKnownFileType = sourcecode.c.h; path = Box2D.h; sourceTree = "<group>"; };
		ADACB3B215F473F10031D8EA /* b2BroadPhase.cpp */ = {isa = PBXFileReference; fileEncoding = 4; lastKnownFileType = sourcecode.cpp.cpp; path = b2BroadPhase.cpp; sourceTree = "<group>"; };
		ADACB3B315F473F10031D8EA /* b2BroadPhase.h */ = {isa = PBXFileReference; fileEncoding = 4; lastKnownFileType = sourcecode.c.h; path = b2BroadPhase.h; sourceTree = "<group>"; };
		ADACB3B415F473F10031D8EA /* b2CollideCircle.cpp */ = {isa = PBXFileReference; fileEncoding = 4; lastKnownFileType = sourcecode.cpp.cpp; path = b2CollideCircle.cpp; sourceTree = "<group>"; };
		ADACB3B515F473F10031D8EA /* b2CollideEdge.cpp */ = {isa = PBXFileReference; fileEncoding = 4; lastKnownFileType = sourcecode.cpp.cpp; path = b2CollideEdge.cpp; sourceTree = "<group>"; };
		ADACB3B615F473F10031D8EA /* b2CollidePolygon.cpp */ = {isa = PBXFileReference; fileEncoding = 4; lastKnownFileType = sourcecode.cpp.cpp; path = b2CollidePolygon.cpp; sourceTree = "<group>"; };
		ADACB3B715F473F10031D8EA /* b2Collision.cpp */ = {isa = PBXFileReference; fileEncoding = 4; lastKnownFileType = sourcecode.cpp.cpp; path = b2Collision.cpp; sourceTree = "<group>"; };
		ADACB3B815F473F10031D8EA /* b2Collision.h */ = {isa = PBXFileReference; fileEncoding = 4; lastKnownFileType = sourcecode.c.h; path = b2Collision.h; sourceTree = "<group>"; };
		ADACB3B915F473F10031D8EA /* b2Distance.cpp */ = {isa = PBXFileReference; fileEncoding = 4; lastKnownFileType = sourcecode.cpp.cpp; path = b2Distance.cpp; sourceTree = "<group>"; };
		ADACB3BA15F473F10031D8EA /* b2Distance.h */ = {isa = PBXFileReference; fileEncoding = 4; lastKnownFileType = sourcecode.c.h; path = b2Distance.h; sourceTree = "<group>"; };
		ADACB3BB15F473F10031D8EA /* b2DynamicTree.cpp */ = {isa = PBXFileReference; fileEncoding = 4; lastKnownFileType = sourcecode.cpp.cpp; path = b2DynamicTree.cpp; sourceTree = "<group>"; };
		ADACB3BC15F473F10031D8EA /* b2DynamicTree.h */ = {isa = PBXFileReference; fileEncoding = 4; lastKnownFileType = sourcecode.c.h; path = b2DynamicTree.h; sourceTree = "<group>"; };
		ADACB3BD15F473F10031D8EA /* b2TimeOfImpact.cpp */ = {isa = PBXFileReference; fileEncoding = 4; lastKnownFileType = sourcecode.cpp.cpp; path = b2TimeOfImpact.cpp; sourceTree = "<group>"; };
		ADACB3BE15F473F10031D8EA /* b2TimeOfImpact.h */ = {isa = PBXFileReference; fileEncoding = 4; lastKnownFileType = sourcecode.c.h; path = b2TimeOfImpact.h; sourceTree = "<group>"; };
		ADACB3C015F473F10031D8EA /* b2ChainShape.cpp */ = {isa = PBXFileReference; fileEncoding = 4; lastKnownFileType = sourcecode.cpp.cpp; path = b2ChainShape.cpp; sourceTree = "<group>"; };
		ADACB3C115F473F10031D8EA /* b2ChainShape.h */ = {isa = PBXFileReference; fileEncoding = 4; lastKnownFileType = sourcecode.c.h; path = b2ChainShape.h; sourceTree = "<group>"; };
		ADACB3C215F473F10031D8EA /* b2CircleShape.cpp */ = {isa = PBXFileReference; fileEncoding = 4; lastKnownFileType = sourcecode.cpp.cpp; path = b2CircleShape.cpp; sourceTree = "<group>"; };
		ADACB3C315F473F10031D8EA /* b2CircleShape.h */ = {isa = PBXFileReference; fileEncoding = 4; lastKnownFileType = sourcecode.c.h; path = b2CircleShape.h; sourceTree = "<group>"; };
		ADACB3C415F473F10031D8EA /* b2EdgeShape.cpp */ = {isa = PBXFileReference; fileEncoding = 4; lastKnownFileType = sourcecode.cpp.cpp; path = b2EdgeShape.cpp; sourceTree = "<group>"; };
		ADACB3C515F473F10031D8EA /* b2EdgeShape.h */ = {isa = PBXFileReference; fileEncoding = 4; lastKnownFileType = sourcecode.c.h; path = b2EdgeShape.h; sourceTree = "<group>"; };
		ADACB3C615F473F10031D8EA /* b2PolygonShape.cpp */ = {isa = PBXFileReference; fileEncoding = 4; lastKnownFileType = sourcecode.cpp.cpp; path = b2PolygonShape.cpp; sourceTree = "<group>"; };
		ADACB3C715F473F10031D8EA /* b2PolygonShape.h */ = {isa = PBXFileReference; fileEncoding = 4; lastKnownFileType = sourcecode.c.h; path = b2PolygonShape.h; sourceTree = "<group>"; };
		ADACB3C815F473F10031D8EA /* b2Shape.h */ = {isa = PBXFileReference; fileEncoding = 4; lastKnownFileType = sourcecode.c.h; path = b2Shape.h; sourceTree = "<group>"; };
		ADACB3CA15F473F10031D8EA /* b2BlockAllocator.cpp */ = {isa = PBXFileReference; fileEncoding = 4; lastKnownFileType = sourcecode.cpp.cpp; path = b2BlockAllocator.cpp; sourceTree = "<group>"; };
		ADACB3CB15F473F10031D8EA /* b2BlockAllocator.h */ = {isa = PBXFileReference; fileEncoding = 4; lastKnownFileType = sourcecode.c.h; path = b2BlockAllocator.h; sourceTree = "<group>"; };
		ADACB3CC15F473F10031D8EA /* b2Draw.cpp */ = {isa = PBXFileReference; fileEncoding = 4; lastKnownFileType = sourcecode.cpp.cpp; path = b2Draw.cpp; sourceTree = "<group>"; };
		ADACB3CD15F473F10031D8EA /* b2Draw.h */ = {isa = PBXFileReference; fileEncoding = 4; lastKnownFileType = sourcecode.c.h; path = b2Draw.h; sourceTree = "<group>"; };
		ADACB3CE15F473F10031D8EA /* b2GrowableStack.h */ = {isa = PBXFileReference; fileEncoding = 4; lastKnownFileType = sourcecode.c.h; path = b2GrowableStack.h; sourceTree = "<group>"; };
		ADACB3CF15F473F10031D8EA /* b2Math.cpp */ = {isa = PBXFileReference; fileEncoding = 4; lastKnownFileType = sourcecode.cpp.cpp; path = b2Math.cpp; sourceTree = "<group>"; };
		ADACB3D015F473F10031D8EA /* b2Math.h */ = {isa = PBXFileReference; fileEncoding = 4; lastKnownFileType = sourcecode.c.h; path = b2Math.h; sourceTree = "<group>"; };
		ADACB3D115F473F10031D8EA /* b2Settings.cpp */ = {isa = PBXFileReference; fileEncoding = 4; lastKnownFileType = sourcecode.cpp.cpp; path = b2Settings.cpp; sourceTree = "<group>"; };
		ADACB3D215F473F10031D8EA /* b2Settings.h */ = {isa = PBXFileReference; fileEncoding = 4; lastKnownFileType = sourcecode.c.h; path = b2Settings.h; sourceTree = "<group>"; };
		ADACB3D315F473F10031D8EA /* b2StackAllocator.cpp */ = {isa = PBXFileReference; fileEncoding = 4; lastKnownFileType = sourcecode.cpp.cpp; path = b2StackAllocator.cpp; sourceTree = "<group>"; };
		ADACB3D415F473F10031D8EA /* b2StackAllocator.h */ = {isa = PBXFileReference; fileEncoding = 4; lastKnownFileType = sourcecode.c.h; path = b2StackAllocator.h; sourceTree = "<group>"; };
		ADACB3D515F473F10031D8EA /* b2Timer.cpp */ = {isa = PBXFileReference; fileEncoding = 4; lastKnownFileType = sourcecode.cpp.cpp; path = b2Timer.cpp; sourceTree = "<group>"; };
		ADACB3D615F473F10031D8EA /* b2Timer.h */ = {isa = PBXFileReference; fileEncoding = 4; lastKnownFileType = sourcecode.c.h; path = b2Timer.h; sourceTree = "<group>"; };
		ADACB3D815F473F10031D8EA /* b2Body.cpp */ = {isa = PBXFileReference; fileEncoding = 4; lastKnownFileType = sourcecode.cpp.cpp; path = b2Body.cpp; sourceTree = "<group>"; };
		ADACB3D915F473F10031D8EA /* b2Body.h */ = {isa = PBXFileReference; fileEncoding = 4; lastKnownFileType = sourcecode.c.h; path = b2Body.h; sourceTree = "<group>"; };
		ADACB3DA15F473F10031D8EA /* b2ContactManager.cpp */ = {isa = PBXFileReference; fileEncoding = 4; lastKnownFileType = sourcecode.cpp.cpp; path = b2ContactManager.cpp; sourceTree = "<group>"; };
		ADACB3DB15F473F10031D8EA /* b2ContactManager.h */ = {isa = PBXFileReference; fileEncoding = 4; lastKnownFileType = sourcecode.c.h; path = b2ContactManager.h; sourceTree = "<group>"; };
		ADACB3DC15F473F10031D8EA /* b2Fixture.cpp */ = {isa = PBXFileReference; fileEncoding = 4; lastKnownFileType = sourcecode.cpp.cpp; path = b2Fixture.cpp; sourceTree = "<group>"; };
		ADACB3DD15F473F10031D8EA /* b2Fixture.h */ = {isa = PBXFileReference; fileEncoding = 4; lastKnownFileType = sourcecode.c.h; path = b2Fixture.h; sourceTree = "<group>"; };
		ADACB3DE15F473F10031D8EA /* b2Island.cpp */ = {isa = PBXFileReference; fileEncoding = 4; lastKnownFileType = sourcecode.cpp.cpp; path = b2Island.cpp; sourceTree = "<group>"; };
		ADACB3DF15F473F10031D8EA /* b2Island.h */ = {isa = PBXFileReference; fileEncoding = 4; lastKnownFileType = sourcecode.c.h; path = b2Island.h; sourceTree = "<group>"; };
		ADACB3E015F473F10031D8EA /* b2TimeStep.h */ = {isa = PBXFileReference; fileEncoding = 4; lastKnownFileType = sourcecode.c.h; path = b2TimeStep.h; sourceTree = "<group>"; };
		ADACB3E115F473F10031D8EA /* b2World.cpp */ = {isa = PBXFileReference; fileEncoding = 4; lastKnownFileType = sourcecode.cpp.cpp; path = b2World.cpp; sourceTree = "<group>"; };
		ADACB3E215F473F10031D8EA /* b2World.h */ = {isa = PBXFileReference; fileEncoding = 4; lastKnownFileType = sourcecode.c.h; path = b2World.h; sourceTree = "<group>"; };
		ADACB3E315F473F10031D8EA /* b2WorldCallbacks.cpp */ = {isa = PBXFileReference; fileEncoding = 4; lastKnownFileType = sourcecode.cpp.cpp; path = b2WorldCallbacks.cpp; sourceTree = "<group>"; };
		ADACB3E415F473F10031D8EA /* b2WorldCallbacks.h */ = {isa = PBXFileReference; fileEncoding = 4; lastKnownFileType = sourcecode.c.h; path = b2WorldCallbacks.h; sourceTree = "<group>"; };
		ADACB3E615F473F10031D8EA /* b2ChainAndCircleContact.cpp */ = {isa = PBXFileReference; fileEncoding = 4; lastKnownFileType = sourcecode.cpp.cpp; path = b2ChainAndCircleContact.cpp; sourceTree = "<group>"; };
		ADACB3E715F473F10031D8EA /* b2ChainAndCircleContact.h */ = {isa = PBXFileReference; fileEncoding = 4; lastKnownFileType = sourcecode.c.h; path = b2ChainAndCircleContact.h; sourceTree = "<group>"; };
		ADACB3E815F473F10031D8EA /* b2ChainAndPolygonContact.cpp */ = {isa = PBXFileReference; fileEncoding = 4; lastKnownFileType = sourcecode.cpp.cpp; path = b2ChainAndPolygonContact.cpp; sourceTree = "<group>"; };
		ADACB3E915F473F10031D8EA /* b2ChainAndPolygonContact.h */ = {isa = PBXFileReference; fileEncoding = 4; lastKnownFileType = sourcecode.c.h; path = b2ChainAndPolygonContact.h; sourceTree = "<group>"; };
		ADACB3EA15F473F10031D8EA /* b2CircleContact.cpp */ = {isa = PBXFileReference; fileEncoding = 4; lastKnownFileType = sourcecode.cpp.cpp; path = b2CircleContact.cpp; sourceTree = "<group>"; };
		ADACB3EB15F473F10031D8EA /* b2CircleContact.h */ = {isa = PBXFileReference; fileEncoding = 4; lastKnownFileType = sourcecode.c.h; path = b2CircleContact.h; sourceTree = "<group>"; };
		ADACB3EC15F473F10031D8EA /* b2Contact.cpp */ = {isa = PBXFileReference; fileEncoding = 4; lastKnownFileType = sourcecode.cpp.cpp; path = b2Contact.cpp; sourceTree = "<group>"; };
		ADACB3ED15F473F10031D8EA /* b2Contact.h */ = {isa = PBXFileReference; fileEncoding = 4; lastKnownFileType = sourcecode.c.h; path = b2Contact.h; sourceTree = "<group>"; };
		ADACB3EE15F473F10031D8EA /* b2ContactSolver.cpp */ = {isa = PBXFileReference; fileEncoding = 4; lastKnownFileType = sourcecode.cpp.cpp; path = b2ContactSolver.cpp; sourceTree = "<group>"; };
		ADACB3EF15F473F10031D8EA /* b2ContactSolver.h */ = {isa = PBXFileReference; fileEncoding = 4; lastKnownFileType = sourcecode.c.h; path = b2ContactSolver.h; sourceTree = "<group>"; };
		ADACB3F015F473F10031D8EA /* b2EdgeAndCircleContact.cpp */ = {isa = PBXFileReference; fileEncoding = 4; lastKnownFileType = sourcecode.cpp.cpp; path = b2EdgeAndCircleContact.cpp; sourceTree = "<group>"; };
		ADACB3F115F473F10031D8EA /* b2EdgeAndCircleContact.h */ = {isa = PBXFileReference; fileEncoding = 4; lastKnownFileType = sourcecode.c.h; path = b2EdgeAndCircleContact.h; sourceTree = "<group>"; };
		ADACB3F215F473F10031D8EA /* b2EdgeAndPolygonContact.cpp */ = {isa = PBXFileReference; fileEncoding = 4; lastKnownFileType = sourcecode.cpp.cpp; path = b2EdgeAndPolygonContact.cpp; sourceTree = "<group>"; };
		ADACB3F315F473F10031D8EA /* b2EdgeAndPolygonContact.h */ = {isa = PBXFileReference; fileEncoding = 4; lastKnownFileType = sourcecode.c.h; path = b2EdgeAndPolygonContact.h; sourceTree = "<group>"; };
		ADACB3F415F473F10031D8EA /* b2PolygonAndCircleContact.cpp */ = {isa = PBXFileReference; fileEncoding = 4; lastKnownFileType = sourcecode.cpp.cpp; path = b2PolygonAndCircleContact.cpp; sourceTree = "<group>"; };
		ADACB3F515F473F10031D8EA /* b2PolygonAndCircleContact.h */ = {isa = PBXFileReference; fileEncoding = 4; lastKnownFileType = sourcecode.c.h; path = b2PolygonAndCircleContact.h; sourceTree = "<group>"; };
		ADACB3F615F473F10031D8EA /* b2PolygonContact.cpp */ = {isa = PBXFileReference; fileEncoding = 4; lastKnownFileType = sourcecode.cpp.cpp; path = b2PolygonContact.cpp; sourceTree = "<group>"; };
		ADACB3F715F473F10031D8EA /* b2PolygonContact.h */ = {isa = PBXFileReference; fileEncoding = 4; lastKnownFileType = sourcecode.c.h; path = b2PolygonContact.h; sourceTree = "<group>"; };
		ADACB3F915F473F10031D8EA /* b2DistanceJoint.cpp */ = {isa = PBXFileReference; fileEncoding = 4; lastKnownFileType = sourcecode.cpp.cpp; path = b2DistanceJoint.cpp; sourceTree = "<group>"; };
		ADACB3FA15F473F10031D8EA /* b2DistanceJoint.h */ = {isa = PBXFileReference; fileEncoding = 4; lastKnownFileType = sourcecode.c.h; path = b2DistanceJoint.h; sourceTree = "<group>"; };
		ADACB3FB15F473F10031D8EA /* b2FrictionJoint.cpp */ = {isa = PBXFileReference; fileEncoding = 4; lastKnownFileType = sourcecode.cpp.cpp; path = b2FrictionJoint.cpp; sourceTree = "<group>"; };
		ADACB3FC15F473F10031D8EA /* b2FrictionJoint.h */ = {isa = PBXFileReference; fileEncoding = 4; lastKnownFileType = sourcecode.c.h; path = b2FrictionJoint.h; sourceTree = "<group>"; };
		ADACB3FD15F473F10031D8EA /* b2GearJoint.cpp */ = {isa = PBXFileReference; fileEncoding = 4; lastKnownFileType = sourcecode.cpp.cpp; path = b2GearJoint.cpp; sourceTree = "<group>"; };
		ADACB3FE15F473F10031D8EA /* b2GearJoint.h */ = {isa = PBXFileReference; fileEncoding = 4; lastKnownFileType = sourcecode.c.h; path = b2GearJoint.h; sourceTree = "<group>"; };
		ADACB3FF15F473F10031D8EA /* b2Joint.cpp */ = {isa = PBXFileReference; fileEncoding = 4; lastKnownFileType = sourcecode.cpp.cpp; path = b2Joint.cpp; sourceTree = "<group>"; };
		ADACB40015F473F10031D8EA /* b2Joint.h */ = {isa = PBXFileReference; fileEncoding = 4; lastKnownFileType = sourcecode.c.h; path = b2Joint.h; sourceTree = "<group>"; };
		ADACB40115F473F10031D8EA /* b2MouseJoint.cpp */ = {isa = PBXFileReference; fileEncoding = 4; lastKnownFileType = sourcecode.cpp.cpp; path = b2MouseJoint.cpp; sourceTree = "<group>"; };
		ADACB40215F473F10031D8EA /* b2MouseJoint.h */ = {isa = PBXFileReference; fileEncoding = 4; lastKnownFileType = sourcecode.c.h; path = b2MouseJoint.h; sourceTree = "<group>"; };
		ADACB40315F473F10031D8EA /* b2PrismaticJoint.cpp */ = {isa = PBXFileReference; fileEncoding = 4; lastKnownFileType = sourcecode.cpp.cpp; path = b2PrismaticJoint.cpp; sourceTree = "<group>"; };
		ADACB40415F473F10031D8EA /* b2PrismaticJoint.h */ = {isa = PBXFileReference; fileEncoding = 4; lastKnownFileType = sourcecode.c.h; path = b2PrismaticJoint.h; sourceTree = "<group>"; };
		ADACB40515F473F10031D8EA /* b2PulleyJoint.cpp */ = {isa = PBXFileReference; fileEncoding = 4; lastKnownFileType = sourcecode.cpp.cpp; path = b2PulleyJoint.cpp; sourceTree = "<group>"; };
		ADACB40615F473F10031D8EA /* b2PulleyJoint.h */ = {isa = PBXFileReference; fileEncoding = 4; lastKnownFileType = sourcecode.c.h; path = b2PulleyJoint.h; sourceTree = "<group>"; };
		ADACB40715F473F10031D8EA /* b2RevoluteJoint.cpp */ = {isa = PBXFileReference; fileEncoding = 4; lastKnownFileType = sourcecode.cpp.cpp; path = b2RevoluteJoint.cpp; sourceTree = "<group>"; };
		ADACB40815F473F10031D8EA /* b2RevoluteJoint.h */ = {isa = PBXFileReference; fileEncoding = 4; lastKnownFileType = sourcecode.c.h; path = b2RevoluteJoint.h; sourceTree = "<group>"; };
		ADACB40915F473F10031D8EA /* b2RopeJoint.cpp */ = {isa = PBXFileReference; fileEncoding = 4; lastKnownFileType = sourcecode.cpp.cpp; path = b2RopeJoint.cpp; sourceTree = "<group>"; };
		ADACB40A15F473F10031D8EA /* b2RopeJoint.h */ = {isa = PBXFileReference; fileEncoding = 4; lastKnownFileType = sourcecode.c.h; path = b2RopeJoint.h; sourceTree = "<group>"; };
		ADACB40B15F473F10031D8EA /* b2WeldJoint.cpp */ = {isa = PBXFileReference; fileEncoding = 4; lastKnownFileType = sourcecode.cpp.cpp; path = b2WeldJoint.cpp; sourceTree = "<group>"; };
		ADACB40C15F473F10031D8EA /* b2WeldJoint.h */ = {isa = PBXFileReference; fileEncoding = 4; lastKnownFileType = sourcecode.c.h; path = b2WeldJoint.h; sourceTree = "<group>"; };
		ADACB40D15F473F10031D8EA /* b2WheelJoint.cpp */ = {isa = PBXFileReference; fileEncoding = 4; lastKnownFileType = sourcecode.cpp.cpp; path = b2WheelJoint.cpp; sourceTree = "<group>"; };
		ADACB40E15F473F10031D8EA /* b2WheelJoint.h */ = {isa = PBXFileReference; fileEncoding = 4; lastKnownFileType = sourcecode.c.h; path = b2WheelJoint.h; sourceTree = "<group>"; };
		ADACB41015F473F10031D8EA /* b2Rope.cpp */ = {isa = PBXFileReference; fileEncoding = 4; lastKnownFileType = sourcecode.cpp.cpp; path = b2Rope.cpp; sourceTree = "<group>"; };
		ADACB41115F473F10031D8EA /* b2Rope.h */ = {isa = PBXFileReference; fileEncoding = 4; lastKnownFileType = sourcecode.c.h; path = b2Rope.h; sourceTree = "<group>"; };
		ADD5EAB915F325C5005E20E7 /* JFramework.app */ = {isa = PBXFileReference; explicitFileType = wrapper.application; includeInIndex = 0; path = JFramework.app; sourceTree = BUILT_PRODUCTS_DIR; };
		ADD5EABD15F325C5005E20E7 /* UIKit.framework */ = {isa = PBXFileReference; lastKnownFileType = wrapper.framework; name = UIKit.framework; path = System/Library/Frameworks/UIKit.framework; sourceTree = SDKROOT; };
		ADD5EABF15F325C5005E20E7 /* Foundation.framework */ = {isa = PBXFileReference; lastKnownFileType = wrapper.framework; name = Foundation.framework; path = System/Library/Frameworks/Foundation.framework; sourceTree = SDKROOT; };
		ADD5EAC115F325C5005E20E7 /* CoreGraphics.framework */ = {isa = PBXFileReference; lastKnownFileType = wrapper.framework; name = CoreGraphics.framework; path = System/Library/Frameworks/CoreGraphics.framework; sourceTree = SDKROOT; };
		ADD5EAC515F325C5005E20E7 /* JFramework-Info.plist */ = {isa = PBXFileReference; lastKnownFileType = text.plist.xml; path = "JFramework-Info.plist"; sourceTree = "<group>"; };
		ADD5EAC715F325C5005E20E7 /* en */ = {isa = PBXFileReference; lastKnownFileType = text.plist.strings; name = en; path = en.lproj/InfoPlist.strings; sourceTree = "<group>"; };
		ADD5EAC915F325C5005E20E7 /* main.m */ = {isa = PBXFileReference; lastKnownFileType = sourcecode.c.objc; path = main.m; sourceTree = "<group>"; };
		ADD5EACB15F325C5005E20E7 /* JFramework-Prefix.pch */ = {isa = PBXFileReference; lastKnownFileType = sourcecode.c.h; path = "JFramework-Prefix.pch"; sourceTree = "<group>"; };
		ADD5EACC15F325C5005E20E7 /* AppDelegate.h */ = {isa = PBXFileReference; lastKnownFileType = sourcecode.c.h; path = AppDelegate.h; sourceTree = "<group>"; };
		ADD5EACD15F325C5005E20E7 /* AppDelegate.m */ = {isa = PBXFileReference; lastKnownFileType = sourcecode.c.objc; path = AppDelegate.m; sourceTree = "<group>"; };
		ADD5EAD615F32753005E20E7 /* AutoCrit.cpp */ = {isa = PBXFileReference; fileEncoding = 4; lastKnownFileType = sourcecode.cpp.cpp; name = AutoCrit.cpp; path = ../../Source/AutoCrit.cpp; sourceTree = "<group>"; };
		ADD5EAD715F32753005E20E7 /* AutoCrit.h */ = {isa = PBXFileReference; fileEncoding = 4; lastKnownFileType = sourcecode.c.h; name = AutoCrit.h; path = ../../Source/AutoCrit.h; sourceTree = "<group>"; };
		ADD5EB0515F33521005E20E7 /* Component.h */ = {isa = PBXFileReference; fileEncoding = 4; lastKnownFileType = sourcecode.c.h; name = Component.h; path = ../../Source/Component.h; sourceTree = "<group>"; };
		ADD5EB0715F33538005E20E7 /* Common.h */ = {isa = PBXFileReference; lastKnownFileType = sourcecode.c.h; name = Common.h; path = ../../Source/Common.h; sourceTree = "<group>"; };
		ADD5EB0815F3383F005E20E7 /* Message.h */ = {isa = PBXFileReference; fileEncoding = 4; lastKnownFileType = sourcecode.c.h; name = Message.h; path = ../../Source/Message.h; sourceTree = "<group>"; };
		ADF57ED715F5BE2900DDBFBC /* lapi.c */ = {isa = PBXFileReference; fileEncoding = 4; lastKnownFileType = sourcecode.c.c; path = lapi.c; sourceTree = "<group>"; };
		ADF57ED815F5BE2900DDBFBC /* lapi.h */ = {isa = PBXFileReference; fileEncoding = 4; lastKnownFileType = sourcecode.c.h; path = lapi.h; sourceTree = "<group>"; };
		ADF57ED915F5BE2900DDBFBC /* lauxlib.c */ = {isa = PBXFileReference; fileEncoding = 4; lastKnownFileType = sourcecode.c.c; path = lauxlib.c; sourceTree = "<group>"; };
		ADF57EDA15F5BE2900DDBFBC /* lauxlib.h */ = {isa = PBXFileReference; fileEncoding = 4; lastKnownFileType = sourcecode.c.h; path = lauxlib.h; sourceTree = "<group>"; };
		ADF57EDB15F5BE2900DDBFBC /* lbaselib.c */ = {isa = PBXFileReference; fileEncoding = 4; lastKnownFileType = sourcecode.c.c; path = lbaselib.c; sourceTree = "<group>"; };
		ADF57EDC15F5BE2900DDBFBC /* lbitlib.c */ = {isa = PBXFileReference; fileEncoding = 4; lastKnownFileType = sourcecode.c.c; path = lbitlib.c; sourceTree = "<group>"; };
		ADF57EDD15F5BE2900DDBFBC /* lcode.c */ = {isa = PBXFileReference; fileEncoding = 4; lastKnownFileType = sourcecode.c.c; path = lcode.c; sourceTree = "<group>"; };
		ADF57EDE15F5BE2900DDBFBC /* lcode.h */ = {isa = PBXFileReference; fileEncoding = 4; lastKnownFileType = sourcecode.c.h; path = lcode.h; sourceTree = "<group>"; };
		ADF57EDF15F5BE2900DDBFBC /* lcorolib.c */ = {isa = PBXFileReference; fileEncoding = 4; lastKnownFileType = sourcecode.c.c; path = lcorolib.c; sourceTree = "<group>"; };
		ADF57EE015F5BE2900DDBFBC /* lctype.c */ = {isa = PBXFileReference; fileEncoding = 4; lastKnownFileType = sourcecode.c.c; path = lctype.c; sourceTree = "<group>"; };
		ADF57EE115F5BE2900DDBFBC /* lctype.h */ = {isa = PBXFileReference; fileEncoding = 4; lastKnownFileType = sourcecode.c.h; path = lctype.h; sourceTree = "<group>"; };
		ADF57EE215F5BE2900DDBFBC /* ldblib.c */ = {isa = PBXFileReference; fileEncoding = 4; lastKnownFileType = sourcecode.c.c; path = ldblib.c; sourceTree = "<group>"; };
		ADF57EE315F5BE2900DDBFBC /* ldebug.c */ = {isa = PBXFileReference; fileEncoding = 4; lastKnownFileType = sourcecode.c.c; path = ldebug.c; sourceTree = "<group>"; };
		ADF57EE415F5BE2900DDBFBC /* ldebug.h */ = {isa = PBXFileReference; fileEncoding = 4; lastKnownFileType = sourcecode.c.h; path = ldebug.h; sourceTree = "<group>"; };
		ADF57EE515F5BE2900DDBFBC /* ldo.c */ = {isa = PBXFileReference; fileEncoding = 4; lastKnownFileType = sourcecode.c.c; path = ldo.c; sourceTree = "<group>"; };
		ADF57EE615F5BE2900DDBFBC /* ldo.h */ = {isa = PBXFileReference; fileEncoding = 4; lastKnownFileType = sourcecode.c.h; path = ldo.h; sourceTree = "<group>"; };
		ADF57EE715F5BE2900DDBFBC /* ldump.c */ = {isa = PBXFileReference; fileEncoding = 4; lastKnownFileType = sourcecode.c.c; path = ldump.c; sourceTree = "<group>"; };
		ADF57EE815F5BE2900DDBFBC /* lfunc.c */ = {isa = PBXFileReference; fileEncoding = 4; lastKnownFileType = sourcecode.c.c; path = lfunc.c; sourceTree = "<group>"; };
		ADF57EE915F5BE2900DDBFBC /* lfunc.h */ = {isa = PBXFileReference; fileEncoding = 4; lastKnownFileType = sourcecode.c.h; path = lfunc.h; sourceTree = "<group>"; };
		ADF57EEA15F5BE2900DDBFBC /* lgc.c */ = {isa = PBXFileReference; fileEncoding = 4; lastKnownFileType = sourcecode.c.c; path = lgc.c; sourceTree = "<group>"; };
		ADF57EEB15F5BE2900DDBFBC /* lgc.h */ = {isa = PBXFileReference; fileEncoding = 4; lastKnownFileType = sourcecode.c.h; path = lgc.h; sourceTree = "<group>"; };
		ADF57EEC15F5BE2900DDBFBC /* linit.c */ = {isa = PBXFileReference; fileEncoding = 4; lastKnownFileType = sourcecode.c.c; path = linit.c; sourceTree = "<group>"; };
		ADF57EED15F5BE2900DDBFBC /* liolib.c */ = {isa = PBXFileReference; fileEncoding = 4; lastKnownFileType = sourcecode.c.c; path = liolib.c; sourceTree = "<group>"; };
		ADF57EEE15F5BE2900DDBFBC /* llex.c */ = {isa = PBXFileReference; fileEncoding = 4; lastKnownFileType = sourcecode.c.c; path = llex.c; sourceTree = "<group>"; };
		ADF57EEF15F5BE2900DDBFBC /* llex.h */ = {isa = PBXFileReference; fileEncoding = 4; lastKnownFileType = sourcecode.c.h; path = llex.h; sourceTree = "<group>"; };
		ADF57EF015F5BE2900DDBFBC /* llimits.h */ = {isa = PBXFileReference; fileEncoding = 4; lastKnownFileType = sourcecode.c.h; path = llimits.h; sourceTree = "<group>"; };
		ADF57EF115F5BE2900DDBFBC /* lmathlib.c */ = {isa = PBXFileReference; fileEncoding = 4; lastKnownFileType = sourcecode.c.c; path = lmathlib.c; sourceTree = "<group>"; };
		ADF57EF215F5BE2900DDBFBC /* lmem.c */ = {isa = PBXFileReference; fileEncoding = 4; lastKnownFileType = sourcecode.c.c; path = lmem.c; sourceTree = "<group>"; };
		ADF57EF315F5BE2900DDBFBC /* lmem.h */ = {isa = PBXFileReference; fileEncoding = 4; lastKnownFileType = sourcecode.c.h; path = lmem.h; sourceTree = "<group>"; };
		ADF57EF415F5BE2900DDBFBC /* loadlib.c */ = {isa = PBXFileReference; fileEncoding = 4; lastKnownFileType = sourcecode.c.c; path = loadlib.c; sourceTree = "<group>"; };
		ADF57EF515F5BE2900DDBFBC /* lobject.c */ = {isa = PBXFileReference; fileEncoding = 4; lastKnownFileType = sourcecode.c.c; path = lobject.c; sourceTree = "<group>"; };
		ADF57EF615F5BE2900DDBFBC /* lobject.h */ = {isa = PBXFileReference; fileEncoding = 4; lastKnownFileType = sourcecode.c.h; path = lobject.h; sourceTree = "<group>"; };
		ADF57EF715F5BE2900DDBFBC /* lopcodes.c */ = {isa = PBXFileReference; fileEncoding = 4; lastKnownFileType = sourcecode.c.c; path = lopcodes.c; sourceTree = "<group>"; };
		ADF57EF815F5BE2900DDBFBC /* lopcodes.h */ = {isa = PBXFileReference; fileEncoding = 4; lastKnownFileType = sourcecode.c.h; path = lopcodes.h; sourceTree = "<group>"; };
		ADF57EF915F5BE2900DDBFBC /* loslib.c */ = {isa = PBXFileReference; fileEncoding = 4; lastKnownFileType = sourcecode.c.c; path = loslib.c; sourceTree = "<group>"; };
		ADF57EFA15F5BE2900DDBFBC /* lparser.c */ = {isa = PBXFileReference; fileEncoding = 4; lastKnownFileType = sourcecode.c.c; path = lparser.c; sourceTree = "<group>"; };
		ADF57EFB15F5BE2900DDBFBC /* lparser.h */ = {isa = PBXFileReference; fileEncoding = 4; lastKnownFileType = sourcecode.c.h; path = lparser.h; sourceTree = "<group>"; };
		ADF57EFC15F5BE2900DDBFBC /* lstate.c */ = {isa = PBXFileReference; fileEncoding = 4; lastKnownFileType = sourcecode.c.c; path = lstate.c; sourceTree = "<group>"; };
		ADF57EFD15F5BE2900DDBFBC /* lstate.h */ = {isa = PBXFileReference; fileEncoding = 4; lastKnownFileType = sourcecode.c.h; path = lstate.h; sourceTree = "<group>"; };
		ADF57EFE15F5BE2900DDBFBC /* lstring.c */ = {isa = PBXFileReference; fileEncoding = 4; lastKnownFileType = sourcecode.c.c; path = lstring.c; sourceTree = "<group>"; };
		ADF57EFF15F5BE2900DDBFBC /* lstring.h */ = {isa = PBXFileReference; fileEncoding = 4; lastKnownFileType = sourcecode.c.h; path = lstring.h; sourceTree = "<group>"; };
		ADF57F0015F5BE2900DDBFBC /* lstrlib.c */ = {isa = PBXFileReference; fileEncoding = 4; lastKnownFileType = sourcecode.c.c; path = lstrlib.c; sourceTree = "<group>"; };
		ADF57F0115F5BE2900DDBFBC /* ltable.c */ = {isa = PBXFileReference; fileEncoding = 4; lastKnownFileType = sourcecode.c.c; path = ltable.c; sourceTree = "<group>"; };
		ADF57F0215F5BE2900DDBFBC /* ltable.h */ = {isa = PBXFileReference; fileEncoding = 4; lastKnownFileType = sourcecode.c.h; path = ltable.h; sourceTree = "<group>"; };
		ADF57F0315F5BE2900DDBFBC /* ltablib.c */ = {isa = PBXFileReference; fileEncoding = 4; lastKnownFileType = sourcecode.c.c; path = ltablib.c; sourceTree = "<group>"; };
		ADF57F0415F5BE2900DDBFBC /* ltm.c */ = {isa = PBXFileReference; fileEncoding = 4; lastKnownFileType = sourcecode.c.c; path = ltm.c; sourceTree = "<group>"; };
		ADF57F0515F5BE2900DDBFBC /* ltm.h */ = {isa = PBXFileReference; fileEncoding = 4; lastKnownFileType = sourcecode.c.h; path = ltm.h; sourceTree = "<group>"; };
		ADF57F0715F5BE2900DDBFBC /* lua.h */ = {isa = PBXFileReference; fileEncoding = 4; lastKnownFileType = sourcecode.c.h; path = lua.h; sourceTree = "<group>"; };
		ADF57F0815F5BE2900DDBFBC /* lua.hpp */ = {isa = PBXFileReference; fileEncoding = 4; lastKnownFileType = sourcecode.cpp.h; path = lua.hpp; sourceTree = "<group>"; };
		ADF57F0A15F5BE2900DDBFBC /* luaconf.h */ = {isa = PBXFileReference; fileEncoding = 4; lastKnownFileType = sourcecode.c.h; path = luaconf.h; sourceTree = "<group>"; };
		ADF57F0B15F5BE2900DDBFBC /* lualib.h */ = {isa = PBXFileReference; fileEncoding = 4; lastKnownFileType = sourcecode.c.h; path = lualib.h; sourceTree = "<group>"; };
		ADF57F0C15F5BE2900DDBFBC /* lundump.c */ = {isa = PBXFileReference; fileEncoding = 4; lastKnownFileType = sourcecode.c.c; path = lundump.c; sourceTree = "<group>"; };
		ADF57F0D15F5BE2900DDBFBC /* lundump.h */ = {isa = PBXFileReference; fileEncoding = 4; lastKnownFileType = sourcecode.c.h; path = lundump.h; sourceTree = "<group>"; };
		ADF57F0E15F5BE2900DDBFBC /* lvm.c */ = {isa = PBXFileReference; fileEncoding = 4; lastKnownFileType = sourcecode.c.c; path = lvm.c; sourceTree = "<group>"; };
		ADF57F0F15F5BE2900DDBFBC /* lvm.h */ = {isa = PBXFileReference; fileEncoding = 4; lastKnownFileType = sourcecode.c.h; path = lvm.h; sourceTree = "<group>"; };
		ADF57F1015F5BE2900DDBFBC /* lzio.c */ = {isa = PBXFileReference; fileEncoding = 4; lastKnownFileType = sourcecode.c.c; path = lzio.c; sourceTree = "<group>"; };
		ADF57F1115F5BE2900DDBFBC /* lzio.h */ = {isa = PBXFileReference; fileEncoding = 4; lastKnownFileType = sourcecode.c.h; path = lzio.h; sourceTree = "<group>"; };
		ADF57F3515F5C29000DDBFBC /* LUAObject.cpp */ = {isa = PBXFileReference; fileEncoding = 4; lastKnownFileType = sourcecode.cpp.cpp; name = LUAObject.cpp; path = ../../Source/LUAObject.cpp; sourceTree = "<group>"; };
		ADF57F3615F5C29000DDBFBC /* LUAObject.h */ = {isa = PBXFileReference; fileEncoding = 4; lastKnownFileType = sourcecode.c.h; name = LUAObject.h; path = ../../Source/LUAObject.h; sourceTree = "<group>"; };
		ADF57F3815F5C2ED00DDBFBC /* LUAIncludes.h */ = {isa = PBXFileReference; fileEncoding = 4; lastKnownFileType = sourcecode.c.h; name = LUAIncludes.h; path = ../../Source/LUAIncludes.h; sourceTree = "<group>"; };
/* End PBXFileReference section */

/* Begin PBXFrameworksBuildPhase section */
		ADD5EAB615F325C5005E20E7 /* Frameworks */ = {
			isa = PBXFrameworksBuildPhase;
			buildActionMask = 2147483647;
			files = (
				ADD5EABE15F325C5005E20E7 /* UIKit.framework in Frameworks */,
				ADD5EAC015F325C5005E20E7 /* Foundation.framework in Frameworks */,
				ADD5EAC215F325C5005E20E7 /* CoreGraphics.framework in Frameworks */,
			);
			runOnlyForDeploymentPostprocessing = 0;
		};
/* End PBXFrameworksBuildPhase section */

/* Begin PBXGroup section */
		AD4AB4CC15FC0D2C0004499F /* Objects */ = {
			isa = PBXGroup;
			children = (
				ADF57F3515F5C29000DDBFBC /* LUAObject.cpp */,
				ADF57F3615F5C29000DDBFBC /* LUAObject.h */,
				AD4AB4CE15FC0D4A0004499F /* PhysicsObject.cpp */,
				AD4AB4CF15FC0D4A0004499F /* PhysicsObject.h */,
			);
			name = Objects;
			sourceTree = "<group>";
		};
		ADA1C64615F3D5A60004914B /* Core */ = {
			isa = PBXGroup;
			children = (
				ADA1C64815F3D5C10004914B /* Threading */,
				ADD5EB0515F33521005E20E7 /* Component.h */,
				ADD5EB0715F33538005E20E7 /* Common.h */,
				ADD5EB0815F3383F005E20E7 /* Message.h */,
				ADA1C64915F3D5E70004914B /* GameObject.cpp */,
				ADA1C64A15F3D5E70004914B /* GameObject.h */,
				AD1A3EDD15FC11C50093DAE2 /* Common.cpp */,
			);
			name = Core;
			sourceTree = "<group>";
		};
		ADA1C64815F3D5C10004914B /* Threading */ = {
			isa = PBXGroup;
			children = (
				ADD5EAD615F32753005E20E7 /* AutoCrit.cpp */,
				ADD5EAD715F32753005E20E7 /* AutoCrit.h */,
			);
			name = Threading;
			sourceTree = "<group>";
		};
		ADA3727F15F5BA0D00C03A2A /* Misc */ = {
			isa = PBXGroup;
			children = (
				AD4AB4CC15FC0D2C0004499F /* Objects */,
				ADF57F3815F5C2ED00DDBFBC /* LUAIncludes.h */,
				ADF57ED615F5BE2900DDBFBC /* LUA */,
			);
			name = Misc;
			sourceTree = "<group>";
		};
		ADACB3AC15F46F6F0031D8EA /* Graphics */ = {
			isa = PBXGroup;
			children = (
			);
			name = Graphics;
			sourceTree = "<group>";
		};
		ADACB3AE15F46F740031D8EA /* Physics */ = {
			isa = PBXGroup;
			children = (
				ADACB3AF15F473F10031D8EA /* Box2D */,
			);
			name = Physics;
			sourceTree = "<group>";
		};
		ADACB3AF15F473F10031D8EA /* Box2D */ = {
			isa = PBXGroup;
			children = (
				ADACB3B015F473F10031D8EA /* Box2D.h */,
				ADACB3B115F473F10031D8EA /* Collision */,
				ADACB3C915F473F10031D8EA /* Common */,
				ADACB3D715F473F10031D8EA /* Dynamics */,
				ADACB40F15F473F10031D8EA /* Rope */,
			);
			name = Box2D;
			path = ../../Source/Box2D;
			sourceTree = "<group>";
		};
		ADACB3B115F473F10031D8EA /* Collision */ = {
			isa = PBXGroup;
			children = (
				ADACB3B215F473F10031D8EA /* b2BroadPhase.cpp */,
				ADACB3B315F473F10031D8EA /* b2BroadPhase.h */,
				ADACB3B415F473F10031D8EA /* b2CollideCircle.cpp */,
				ADACB3B515F473F10031D8EA /* b2CollideEdge.cpp */,
				ADACB3B615F473F10031D8EA /* b2CollidePolygon.cpp */,
				ADACB3B715F473F10031D8EA /* b2Collision.cpp */,
				ADACB3B815F473F10031D8EA /* b2Collision.h */,
				ADACB3B915F473F10031D8EA /* b2Distance.cpp */,
				ADACB3BA15F473F10031D8EA /* b2Distance.h */,
				ADACB3BB15F473F10031D8EA /* b2DynamicTree.cpp */,
				ADACB3BC15F473F10031D8EA /* b2DynamicTree.h */,
				ADACB3BD15F473F10031D8EA /* b2TimeOfImpact.cpp */,
				ADACB3BE15F473F10031D8EA /* b2TimeOfImpact.h */,
				ADACB3BF15F473F10031D8EA /* Shapes */,
			);
			path = Collision;
			sourceTree = "<group>";
		};
		ADACB3BF15F473F10031D8EA /* Shapes */ = {
			isa = PBXGroup;
			children = (
				ADACB3C015F473F10031D8EA /* b2ChainShape.cpp */,
				ADACB3C115F473F10031D8EA /* b2ChainShape.h */,
				ADACB3C215F473F10031D8EA /* b2CircleShape.cpp */,
				ADACB3C315F473F10031D8EA /* b2CircleShape.h */,
				ADACB3C415F473F10031D8EA /* b2EdgeShape.cpp */,
				ADACB3C515F473F10031D8EA /* b2EdgeShape.h */,
				ADACB3C615F473F10031D8EA /* b2PolygonShape.cpp */,
				ADACB3C715F473F10031D8EA /* b2PolygonShape.h */,
				ADACB3C815F473F10031D8EA /* b2Shape.h */,
			);
			path = Shapes;
			sourceTree = "<group>";
		};
		ADACB3C915F473F10031D8EA /* Common */ = {
			isa = PBXGroup;
			children = (
				ADACB3CA15F473F10031D8EA /* b2BlockAllocator.cpp */,
				ADACB3CB15F473F10031D8EA /* b2BlockAllocator.h */,
				ADACB3CC15F473F10031D8EA /* b2Draw.cpp */,
				ADACB3CD15F473F10031D8EA /* b2Draw.h */,
				ADACB3CE15F473F10031D8EA /* b2GrowableStack.h */,
				ADACB3CF15F473F10031D8EA /* b2Math.cpp */,
				ADACB3D015F473F10031D8EA /* b2Math.h */,
				ADACB3D115F473F10031D8EA /* b2Settings.cpp */,
				ADACB3D215F473F10031D8EA /* b2Settings.h */,
				ADACB3D315F473F10031D8EA /* b2StackAllocator.cpp */,
				ADACB3D415F473F10031D8EA /* b2StackAllocator.h */,
				ADACB3D515F473F10031D8EA /* b2Timer.cpp */,
				ADACB3D615F473F10031D8EA /* b2Timer.h */,
			);
			path = Common;
			sourceTree = "<group>";
		};
		ADACB3D715F473F10031D8EA /* Dynamics */ = {
			isa = PBXGroup;
			children = (
				ADACB3D815F473F10031D8EA /* b2Body.cpp */,
				ADACB3D915F473F10031D8EA /* b2Body.h */,
				ADACB3DA15F473F10031D8EA /* b2ContactManager.cpp */,
				ADACB3DB15F473F10031D8EA /* b2ContactManager.h */,
				ADACB3DC15F473F10031D8EA /* b2Fixture.cpp */,
				ADACB3DD15F473F10031D8EA /* b2Fixture.h */,
				ADACB3DE15F473F10031D8EA /* b2Island.cpp */,
				ADACB3DF15F473F10031D8EA /* b2Island.h */,
				ADACB3E015F473F10031D8EA /* b2TimeStep.h */,
				ADACB3E115F473F10031D8EA /* b2World.cpp */,
				ADACB3E215F473F10031D8EA /* b2World.h */,
				ADACB3E315F473F10031D8EA /* b2WorldCallbacks.cpp */,
				ADACB3E415F473F10031D8EA /* b2WorldCallbacks.h */,
				ADACB3E515F473F10031D8EA /* Contacts */,
				ADACB3F815F473F10031D8EA /* Joints */,
			);
			path = Dynamics;
			sourceTree = "<group>";
		};
		ADACB3E515F473F10031D8EA /* Contacts */ = {
			isa = PBXGroup;
			children = (
				ADACB3E615F473F10031D8EA /* b2ChainAndCircleContact.cpp */,
				ADACB3E715F473F10031D8EA /* b2ChainAndCircleContact.h */,
				ADACB3E815F473F10031D8EA /* b2ChainAndPolygonContact.cpp */,
				ADACB3E915F473F10031D8EA /* b2ChainAndPolygonContact.h */,
				ADACB3EA15F473F10031D8EA /* b2CircleContact.cpp */,
				ADACB3EB15F473F10031D8EA /* b2CircleContact.h */,
				ADACB3EC15F473F10031D8EA /* b2Contact.cpp */,
				ADACB3ED15F473F10031D8EA /* b2Contact.h */,
				ADACB3EE15F473F10031D8EA /* b2ContactSolver.cpp */,
				ADACB3EF15F473F10031D8EA /* b2ContactSolver.h */,
				ADACB3F015F473F10031D8EA /* b2EdgeAndCircleContact.cpp */,
				ADACB3F115F473F10031D8EA /* b2EdgeAndCircleContact.h */,
				ADACB3F215F473F10031D8EA /* b2EdgeAndPolygonContact.cpp */,
				ADACB3F315F473F10031D8EA /* b2EdgeAndPolygonContact.h */,
				ADACB3F415F473F10031D8EA /* b2PolygonAndCircleContact.cpp */,
				ADACB3F515F473F10031D8EA /* b2PolygonAndCircleContact.h */,
				ADACB3F615F473F10031D8EA /* b2PolygonContact.cpp */,
				ADACB3F715F473F10031D8EA /* b2PolygonContact.h */,
			);
			path = Contacts;
			sourceTree = "<group>";
		};
		ADACB3F815F473F10031D8EA /* Joints */ = {
			isa = PBXGroup;
			children = (
				ADACB3F915F473F10031D8EA /* b2DistanceJoint.cpp */,
				ADACB3FA15F473F10031D8EA /* b2DistanceJoint.h */,
				ADACB3FB15F473F10031D8EA /* b2FrictionJoint.cpp */,
				ADACB3FC15F473F10031D8EA /* b2FrictionJoint.h */,
				ADACB3FD15F473F10031D8EA /* b2GearJoint.cpp */,
				ADACB3FE15F473F10031D8EA /* b2GearJoint.h */,
				ADACB3FF15F473F10031D8EA /* b2Joint.cpp */,
				ADACB40015F473F10031D8EA /* b2Joint.h */,
				ADACB40115F473F10031D8EA /* b2MouseJoint.cpp */,
				ADACB40215F473F10031D8EA /* b2MouseJoint.h */,
				ADACB40315F473F10031D8EA /* b2PrismaticJoint.cpp */,
				ADACB40415F473F10031D8EA /* b2PrismaticJoint.h */,
				ADACB40515F473F10031D8EA /* b2PulleyJoint.cpp */,
				ADACB40615F473F10031D8EA /* b2PulleyJoint.h */,
				ADACB40715F473F10031D8EA /* b2RevoluteJoint.cpp */,
				ADACB40815F473F10031D8EA /* b2RevoluteJoint.h */,
				ADACB40915F473F10031D8EA /* b2RopeJoint.cpp */,
				ADACB40A15F473F10031D8EA /* b2RopeJoint.h */,
				ADACB40B15F473F10031D8EA /* b2WeldJoint.cpp */,
				ADACB40C15F473F10031D8EA /* b2WeldJoint.h */,
				ADACB40D15F473F10031D8EA /* b2WheelJoint.cpp */,
				ADACB40E15F473F10031D8EA /* b2WheelJoint.h */,
			);
			path = Joints;
			sourceTree = "<group>";
		};
		ADACB40F15F473F10031D8EA /* Rope */ = {
			isa = PBXGroup;
			children = (
				ADACB41015F473F10031D8EA /* b2Rope.cpp */,
				ADACB41115F473F10031D8EA /* b2Rope.h */,
			);
			path = Rope;
			sourceTree = "<group>";
		};
		ADD5EAAE15F325C5005E20E7 = {
			isa = PBXGroup;
			children = (
				ADD5EAC315F325C5005E20E7 /* JFramework */,
				ADD5EABC15F325C5005E20E7 /* Frameworks */,
				ADD5EABA15F325C5005E20E7 /* Products */,
			);
			sourceTree = "<group>";
		};
		ADD5EABA15F325C5005E20E7 /* Products */ = {
			isa = PBXGroup;
			children = (
				ADD5EAB915F325C5005E20E7 /* JFramework.app */,
			);
			name = Products;
			sourceTree = "<group>";
		};
		ADD5EABC15F325C5005E20E7 /* Frameworks */ = {
			isa = PBXGroup;
			children = (
				ADD5EABD15F325C5005E20E7 /* UIKit.framework */,
				ADD5EABF15F325C5005E20E7 /* Foundation.framework */,
				ADD5EAC115F325C5005E20E7 /* CoreGraphics.framework */,
			);
			name = Frameworks;
			sourceTree = "<group>";
		};
		ADD5EAC315F325C5005E20E7 /* JFramework */ = {
			isa = PBXGroup;
			children = (
				ADD5EAD515F326AB005E20E7 /* Mac */,
				ADD5EAD415F326A1005E20E7 /* Source */,
			);
			path = JFramework;
			sourceTree = "<group>";
		};
		ADD5EAC415F325C5005E20E7 /* Supporting Files */ = {
			isa = PBXGroup;
			children = (
				ADD5EAC515F325C5005E20E7 /* JFramework-Info.plist */,
				ADD5EAC615F325C5005E20E7 /* InfoPlist.strings */,
				ADD5EAC915F325C5005E20E7 /* main.m */,
				ADD5EACB15F325C5005E20E7 /* JFramework-Prefix.pch */,
			);
			name = "Supporting Files";
			sourceTree = "<group>";
		};
		ADD5EAD415F326A1005E20E7 /* Source */ = {
			isa = PBXGroup;
			children = (
				ADA3727F15F5BA0D00C03A2A /* Misc */,
				ADACB3AE15F46F740031D8EA /* Physics */,
				ADACB3AC15F46F6F0031D8EA /* Graphics */,
				ADA1C64615F3D5A60004914B /* Core */,
			);
			name = Source;
			sourceTree = "<group>";
		};
		ADD5EAD515F326AB005E20E7 /* Mac */ = {
			isa = PBXGroup;
			children = (
				ADD5EAC415F325C5005E20E7 /* Supporting Files */,
				ADD5EACD15F325C5005E20E7 /* AppDelegate.m */,
				ADD5EACC15F325C5005E20E7 /* AppDelegate.h */,
			);
			name = Mac;
			sourceTree = "<group>";
		};
		ADF57ED615F5BE2900DDBFBC /* LUA */ = {
			isa = PBXGroup;
			children = (
				ADF57ED715F5BE2900DDBFBC /* lapi.c */,
				ADF57ED815F5BE2900DDBFBC /* lapi.h */,
				ADF57ED915F5BE2900DDBFBC /* lauxlib.c */,
				ADF57EDA15F5BE2900DDBFBC /* lauxlib.h */,
				ADF57EDB15F5BE2900DDBFBC /* lbaselib.c */,
				ADF57EDC15F5BE2900DDBFBC /* lbitlib.c */,
				ADF57EDD15F5BE2900DDBFBC /* lcode.c */,
				ADF57EDE15F5BE2900DDBFBC /* lcode.h */,
				ADF57EDF15F5BE2900DDBFBC /* lcorolib.c */,
				ADF57EE015F5BE2900DDBFBC /* lctype.c */,
				ADF57EE115F5BE2900DDBFBC /* lctype.h */,
				ADF57EE215F5BE2900DDBFBC /* ldblib.c */,
				ADF57EE315F5BE2900DDBFBC /* ldebug.c */,
				ADF57EE415F5BE2900DDBFBC /* ldebug.h */,
				ADF57EE515F5BE2900DDBFBC /* ldo.c */,
				ADF57EE615F5BE2900DDBFBC /* ldo.h */,
				ADF57EE715F5BE2900DDBFBC /* ldump.c */,
				ADF57EE815F5BE2900DDBFBC /* lfunc.c */,
				ADF57EE915F5BE2900DDBFBC /* lfunc.h */,
				ADF57EEA15F5BE2900DDBFBC /* lgc.c */,
				ADF57EEB15F5BE2900DDBFBC /* lgc.h */,
				ADF57EEC15F5BE2900DDBFBC /* linit.c */,
				ADF57EED15F5BE2900DDBFBC /* liolib.c */,
				ADF57EEE15F5BE2900DDBFBC /* llex.c */,
				ADF57EEF15F5BE2900DDBFBC /* llex.h */,
				ADF57EF015F5BE2900DDBFBC /* llimits.h */,
				ADF57EF115F5BE2900DDBFBC /* lmathlib.c */,
				ADF57EF215F5BE2900DDBFBC /* lmem.c */,
				ADF57EF315F5BE2900DDBFBC /* lmem.h */,
				ADF57EF415F5BE2900DDBFBC /* loadlib.c */,
				ADF57EF515F5BE2900DDBFBC /* lobject.c */,
				ADF57EF615F5BE2900DDBFBC /* lobject.h */,
				ADF57EF715F5BE2900DDBFBC /* lopcodes.c */,
				ADF57EF815F5BE2900DDBFBC /* lopcodes.h */,
				ADF57EF915F5BE2900DDBFBC /* loslib.c */,
				ADF57EFA15F5BE2900DDBFBC /* lparser.c */,
				ADF57EFB15F5BE2900DDBFBC /* lparser.h */,
				ADF57EFC15F5BE2900DDBFBC /* lstate.c */,
				ADF57EFD15F5BE2900DDBFBC /* lstate.h */,
				ADF57EFE15F5BE2900DDBFBC /* lstring.c */,
				ADF57EFF15F5BE2900DDBFBC /* lstring.h */,
				ADF57F0015F5BE2900DDBFBC /* lstrlib.c */,
				ADF57F0115F5BE2900DDBFBC /* ltable.c */,
				ADF57F0215F5BE2900DDBFBC /* ltable.h */,
				ADF57F0315F5BE2900DDBFBC /* ltablib.c */,
				ADF57F0415F5BE2900DDBFBC /* ltm.c */,
				ADF57F0515F5BE2900DDBFBC /* ltm.h */,
				ADF57F0715F5BE2900DDBFBC /* lua.h */,
				ADF57F0815F5BE2900DDBFBC /* lua.hpp */,
				ADF57F0A15F5BE2900DDBFBC /* luaconf.h */,
				ADF57F0B15F5BE2900DDBFBC /* lualib.h */,
				ADF57F0C15F5BE2900DDBFBC /* lundump.c */,
				ADF57F0D15F5BE2900DDBFBC /* lundump.h */,
				ADF57F0E15F5BE2900DDBFBC /* lvm.c */,
				ADF57F0F15F5BE2900DDBFBC /* lvm.h */,
				ADF57F1015F5BE2900DDBFBC /* lzio.c */,
				ADF57F1115F5BE2900DDBFBC /* lzio.h */,
			);
			name = LUA;
			path = ../../Source/LUA;
			sourceTree = "<group>";
		};
/* End PBXGroup section */

/* Begin PBXNativeTarget section */
		ADD5EAB815F325C5005E20E7 /* JFramework */ = {
			isa = PBXNativeTarget;
			buildConfigurationList = ADD5EAD115F325C5005E20E7 /* Build configuration list for PBXNativeTarget "JFramework" */;
			buildPhases = (
				ADD5EAB515F325C5005E20E7 /* Sources */,
				ADD5EAB615F325C5005E20E7 /* Frameworks */,
				ADD5EAB715F325C5005E20E7 /* Resources */,
			);
			buildRules = (
			);
			dependencies = (
			);
			name = JFramework;
			productName = JFramework;
			productReference = ADD5EAB915F325C5005E20E7 /* JFramework.app */;
			productType = "com.apple.product-type.application";
		};
/* End PBXNativeTarget section */

/* Begin PBXProject section */
		ADD5EAB015F325C5005E20E7 /* Project object */ = {
			isa = PBXProject;
			attributes = {
				LastUpgradeCheck = 0440;
			};
			buildConfigurationList = ADD5EAB315F325C5005E20E7 /* Build configuration list for PBXProject "JFramework" */;
			compatibilityVersion = "Xcode 3.2";
			developmentRegion = English;
			hasScannedForEncodings = 0;
			knownRegions = (
				en,
			);
			mainGroup = ADD5EAAE15F325C5005E20E7;
			productRefGroup = ADD5EABA15F325C5005E20E7 /* Products */;
			projectDirPath = "";
			projectRoot = "";
			targets = (
				ADD5EAB815F325C5005E20E7 /* JFramework */,
			);
		};
/* End PBXProject section */

/* Begin PBXResourcesBuildPhase section */
		ADD5EAB715F325C5005E20E7 /* Resources */ = {
			isa = PBXResourcesBuildPhase;
			buildActionMask = 2147483647;
			files = (
				ADD5EAC815F325C5005E20E7 /* InfoPlist.strings in Resources */,
			);
			runOnlyForDeploymentPostprocessing = 0;
		};
/* End PBXResourcesBuildPhase section */

/* Begin PBXSourcesBuildPhase section */
		ADD5EAB515F325C5005E20E7 /* Sources */ = {
			isa = PBXSourcesBuildPhase;
			buildActionMask = 2147483647;
			files = (
				ADD5EACA15F325C5005E20E7 /* main.m in Sources */,
				ADD5EACE15F325C5005E20E7 /* AppDelegate.m in Sources */,
				ADD5EAD815F32753005E20E7 /* AutoCrit.cpp in Sources */,
				ADA1C64B15F3D5E70004914B /* GameObject.cpp in Sources */,
				ADACB41215F473F10031D8EA /* b2BroadPhase.cpp in Sources */,
				ADACB41315F473F10031D8EA /* b2CollideCircle.cpp in Sources */,
				ADACB41415F473F10031D8EA /* b2CollideEdge.cpp in Sources */,
				ADACB41515F473F10031D8EA /* b2CollidePolygon.cpp in Sources */,
				ADACB41615F473F10031D8EA /* b2Collision.cpp in Sources */,
				ADACB41715F473F10031D8EA /* b2Distance.cpp in Sources */,
				ADACB41815F473F10031D8EA /* b2DynamicTree.cpp in Sources */,
				ADACB41915F473F10031D8EA /* b2TimeOfImpact.cpp in Sources */,
				ADACB41A15F473F10031D8EA /* b2ChainShape.cpp in Sources */,
				ADACB41B15F473F10031D8EA /* b2CircleShape.cpp in Sources */,
				ADACB41C15F473F10031D8EA /* b2EdgeShape.cpp in Sources */,
				ADACB41D15F473F10031D8EA /* b2PolygonShape.cpp in Sources */,
				ADACB41E15F473F10031D8EA /* b2BlockAllocator.cpp in Sources */,
				ADACB41F15F473F10031D8EA /* b2Draw.cpp in Sources */,
				ADACB42015F473F10031D8EA /* b2Math.cpp in Sources */,
				ADACB42115F473F10031D8EA /* b2Settings.cpp in Sources */,
				ADACB42215F473F10031D8EA /* b2StackAllocator.cpp in Sources */,
				ADACB42315F473F10031D8EA /* b2Timer.cpp in Sources */,
				ADACB42415F473F10031D8EA /* b2Body.cpp in Sources */,
				ADACB42515F473F10031D8EA /* b2ContactManager.cpp in Sources */,
				ADACB42615F473F10031D8EA /* b2Fixture.cpp in Sources */,
				ADACB42715F473F10031D8EA /* b2Island.cpp in Sources */,
				ADACB42815F473F10031D8EA /* b2World.cpp in Sources */,
				ADACB42915F473F10031D8EA /* b2WorldCallbacks.cpp in Sources */,
				ADACB42A15F473F10031D8EA /* b2ChainAndCircleContact.cpp in Sources */,
				ADACB42B15F473F10031D8EA /* b2ChainAndPolygonContact.cpp in Sources */,
				ADACB42C15F473F10031D8EA /* b2CircleContact.cpp in Sources */,
				ADACB42D15F473F10031D8EA /* b2Contact.cpp in Sources */,
				ADACB42E15F473F10031D8EA /* b2ContactSolver.cpp in Sources */,
				ADACB42F15F473F10031D8EA /* b2EdgeAndCircleContact.cpp in Sources */,
				ADACB43015F473F10031D8EA /* b2EdgeAndPolygonContact.cpp in Sources */,
				ADACB43115F473F10031D8EA /* b2PolygonAndCircleContact.cpp in Sources */,
				ADACB43215F473F10031D8EA /* b2PolygonContact.cpp in Sources */,
				ADACB43315F473F10031D8EA /* b2DistanceJoint.cpp in Sources */,
				ADACB43415F473F10031D8EA /* b2FrictionJoint.cpp in Sources */,
				ADACB43515F473F10031D8EA /* b2GearJoint.cpp in Sources */,
				ADACB43615F473F10031D8EA /* b2Joint.cpp in Sources */,
				ADACB43715F473F10031D8EA /* b2MouseJoint.cpp in Sources */,
				ADACB43815F473F10031D8EA /* b2PrismaticJoint.cpp in Sources */,
				ADACB43915F473F10031D8EA /* b2PulleyJoint.cpp in Sources */,
				ADACB43A15F473F10031D8EA /* b2RevoluteJoint.cpp in Sources */,
				ADACB43B15F473F10031D8EA /* b2RopeJoint.cpp in Sources */,
				ADACB43C15F473F10031D8EA /* b2WeldJoint.cpp in Sources */,
				ADACB43D15F473F10031D8EA /* b2WheelJoint.cpp in Sources */,
				ADACB43E15F473F10031D8EA /* b2Rope.cpp in Sources */,
				ADF57F1215F5BE2900DDBFBC /* lapi.c in Sources */,
				ADF57F1315F5BE2900DDBFBC /* lauxlib.c in Sources */,
				ADF57F1415F5BE2900DDBFBC /* lbaselib.c in Sources */,
				ADF57F1515F5BE2900DDBFBC /* lbitlib.c in Sources */,
				ADF57F1615F5BE2900DDBFBC /* lcode.c in Sources */,
				ADF57F1715F5BE2900DDBFBC /* lcorolib.c in Sources */,
				ADF57F1815F5BE2900DDBFBC /* lctype.c in Sources */,
				ADF57F1915F5BE2900DDBFBC /* ldblib.c in Sources */,
				ADF57F1A15F5BE2900DDBFBC /* ldebug.c in Sources */,
				ADF57F1B15F5BE2900DDBFBC /* ldo.c in Sources */,
				ADF57F1C15F5BE2900DDBFBC /* ldump.c in Sources */,
				ADF57F1D15F5BE2900DDBFBC /* lfunc.c in Sources */,
				ADF57F1E15F5BE2900DDBFBC /* lgc.c in Sources */,
				ADF57F1F15F5BE2900DDBFBC /* linit.c in Sources */,
				ADF57F2015F5BE2900DDBFBC /* liolib.c in Sources */,
				ADF57F2115F5BE2900DDBFBC /* llex.c in Sources */,
				ADF57F2215F5BE2900DDBFBC /* lmathlib.c in Sources */,
				ADF57F2315F5BE2900DDBFBC /* lmem.c in Sources */,
				ADF57F2415F5BE2900DDBFBC /* loadlib.c in Sources */,
				ADF57F2515F5BE2900DDBFBC /* lobject.c in Sources */,
				ADF57F2615F5BE2900DDBFBC /* lopcodes.c in Sources */,
				ADF57F2715F5BE2900DDBFBC /* loslib.c in Sources */,
				ADF57F2815F5BE2900DDBFBC /* lparser.c in Sources */,
				ADF57F2915F5BE2900DDBFBC /* lstate.c in Sources */,
				ADF57F2A15F5BE2900DDBFBC /* lstring.c in Sources */,
				ADF57F2B15F5BE2900DDBFBC /* lstrlib.c in Sources */,
				ADF57F2C15F5BE2900DDBFBC /* ltable.c in Sources */,
				ADF57F2D15F5BE2900DDBFBC /* ltablib.c in Sources */,
				ADF57F2E15F5BE2900DDBFBC /* ltm.c in Sources */,
				ADF57F3115F5BE2900DDBFBC /* lundump.c in Sources */,
				ADF57F3215F5BE2900DDBFBC /* lvm.c in Sources */,
				ADF57F3315F5BE2900DDBFBC /* lzio.c in Sources */,
				ADF57F3715F5C29000DDBFBC /* LUAObject.cpp in Sources */,
				AD4AB4D015FC0D4A0004499F /* PhysicsObject.cpp in Sources */,
				AD1A3EDE15FC11C50093DAE2 /* Common.cpp in Sources */,
			);
			runOnlyForDeploymentPostprocessing = 0;
		};
/* End PBXSourcesBuildPhase section */

/* Begin PBXVariantGroup section */
		ADD5EAC615F325C5005E20E7 /* InfoPlist.strings */ = {
			isa = PBXVariantGroup;
			children = (
				ADD5EAC715F325C5005E20E7 /* en */,
			);
			name = InfoPlist.strings;
			sourceTree = "<group>";
		};
/* End PBXVariantGroup section */

/* Begin XCBuildConfiguration section */
		ADD5EACF15F325C5005E20E7 /* Debug */ = {
			isa = XCBuildConfiguration;
			buildSettings = {
				ALWAYS_SEARCH_USER_PATHS = NO;
				ARCHS = "$(ARCHS_STANDARD_32_BIT)";
				CLANG_CXX_LANGUAGE_STANDARD = "gnu++0x";
				CLANG_ENABLE_OBJC_ARC = YES;
				CLANG_WARN__DUPLICATE_METHOD_MATCH = YES;
				"CODE_SIGN_IDENTITY[sdk=iphoneos*]" = "iPhone Developer";
				COPY_PHASE_STRIP = NO;
				GCC_C_LANGUAGE_STANDARD = gnu99;
				GCC_DYNAMIC_NO_PIC = NO;
				GCC_OPTIMIZATION_LEVEL = 0;
				GCC_PREPROCESSOR_DEFINITIONS = (
					"DEBUG=1",
					"$(inherited)",
				);
				GCC_SYMBOLS_PRIVATE_EXTERN = NO;
				GCC_VERSION = com.apple.compilers.llvm.clang.1_0;
				GCC_WARN_ABOUT_RETURN_TYPE = YES;
				GCC_WARN_UNINITIALIZED_AUTOS = YES;
				GCC_WARN_UNUSED_VARIABLE = YES;
				HEADER_SEARCH_PATHS = "../Source/**";
				IPHONEOS_DEPLOYMENT_TARGET = 5.1;
				SDKROOT = iphoneos;
				TARGETED_DEVICE_FAMILY = "1,2";
			};
			name = Debug;
		};
		ADD5EAD015F325C5005E20E7 /* Release */ = {
			isa = XCBuildConfiguration;
			buildSettings = {
				ALWAYS_SEARCH_USER_PATHS = NO;
				ARCHS = "$(ARCHS_STANDARD_32_BIT)";
				CLANG_CXX_LANGUAGE_STANDARD = "gnu++0x";
				CLANG_ENABLE_OBJC_ARC = YES;
				CLANG_WARN__DUPLICATE_METHOD_MATCH = YES;
				"CODE_SIGN_IDENTITY[sdk=iphoneos*]" = "iPhone Developer";
				COPY_PHASE_STRIP = YES;
				GCC_C_LANGUAGE_STANDARD = gnu99;
				GCC_VERSION = com.apple.compilers.llvm.clang.1_0;
				GCC_WARN_ABOUT_RETURN_TYPE = YES;
				GCC_WARN_UNINITIALIZED_AUTOS = YES;
				GCC_WARN_UNUSED_VARIABLE = YES;
				HEADER_SEARCH_PATHS = "../Source/**";
				IPHONEOS_DEPLOYMENT_TARGET = 5.1;
				OTHER_CFLAGS = "-DNS_BLOCK_ASSERTIONS=1";
				SDKROOT = iphoneos;
				TARGETED_DEVICE_FAMILY = "1,2";
				VALIDATE_PRODUCT = YES;
			};
			name = Release;
		};
		ADD5EAD215F325C5005E20E7 /* Debug */ = {
			isa = XCBuildConfiguration;
			buildSettings = {
				GCC_PRECOMPILE_PREFIX_HEADER = YES;
				GCC_PREFIX_HEADER = "JFramework/JFramework-Prefix.pch";
				INFOPLIST_FILE = "JFramework/JFramework-Info.plist";
				PRODUCT_NAME = "$(TARGET_NAME)";
				WRAPPER_EXTENSION = app;
			};
			name = Debug;
		};
		ADD5EAD315F325C5005E20E7 /* Release */ = {
			isa = XCBuildConfiguration;
			buildSettings = {
				GCC_PRECOMPILE_PREFIX_HEADER = YES;
				GCC_PREFIX_HEADER = "JFramework/JFramework-Prefix.pch";
				INFOPLIST_FILE = "JFramework/JFramework-Info.plist";
				PRODUCT_NAME = "$(TARGET_NAME)";
				WRAPPER_EXTENSION = app;
			};
			name = Release;
		};
/* End XCBuildConfiguration section */

/* Begin XCConfigurationList section */
		ADD5EAB315F325C5005E20E7 /* Build configuration list for PBXProject "JFramework" */ = {
			isa = XCConfigurationList;
			buildConfigurations = (
				ADD5EACF15F325C5005E20E7 /* Debug */,
				ADD5EAD015F325C5005E20E7 /* Release */,
			);
			defaultConfigurationIsVisible = 0;
			defaultConfigurationName = Release;
		};
		ADD5EAD115F325C5005E20E7 /* Build configuration list for PBXNativeTarget "JFramework" */ = {
			isa = XCConfigurationList;
			buildConfigurations = (
				ADD5EAD215F325C5005E20E7 /* Debug */,
				ADD5EAD315F325C5005E20E7 /* Release */,
			);
			defaultConfigurationIsVisible = 0;
			defaultConfigurationName = Release;
		};
/* End XCConfigurationList section */
	};
	rootObject = ADD5EAB015F325C5005E20E7 /* Project object */;
}
