// !$*UTF8*$!
{
	archiveVersion = 1;
	classes = {
	};
	objectVersion = 46;
	objects = {

/* Begin PBXBuildFile section */
		AD0754D91683D454006DE741 /* lua.c in Sources */ = {isa = PBXBuildFile; fileRef = AD0754D41683D454006DE741 /* lua.c */; };
		AD0754DA1683D454006DE741 /* lua.c in Sources */ = {isa = PBXBuildFile; fileRef = AD0754D41683D454006DE741 /* lua.c */; };
		AD0754DB1683D454006DE741 /* LUATypes.cpp in Sources */ = {isa = PBXBuildFile; fileRef = AD0754D51683D454006DE741 /* LUATypes.cpp */; };
		AD0754DC1683D454006DE741 /* LUATypes.cpp in Sources */ = {isa = PBXBuildFile; fileRef = AD0754D51683D454006DE741 /* LUATypes.cpp */; };
		AD0754DD1683D454006DE741 /* SLB.cpp in Sources */ = {isa = PBXBuildFile; fileRef = AD0754D71683D454006DE741 /* SLB.cpp */; };
		AD0754DE1683D454006DE741 /* SLB.cpp in Sources */ = {isa = PBXBuildFile; fileRef = AD0754D71683D454006DE741 /* SLB.cpp */; };
		AD1680D116914C0700B390A8 /* TextureCoordinates.cpp in Sources */ = {isa = PBXBuildFile; fileRef = AD1680CF16914C0700B390A8 /* TextureCoordinates.cpp */; };
		AD1680D216914C0700B390A8 /* TextureCoordinates.cpp in Sources */ = {isa = PBXBuildFile; fileRef = AD1680CF16914C0700B390A8 /* TextureCoordinates.cpp */; };
		AD26CCA3168D1400007C3551 /* InputManager.cpp in Sources */ = {isa = PBXBuildFile; fileRef = AD26CCA1168D1400007C3551 /* InputManager.cpp */; };
		AD26CCA4168D1400007C3551 /* InputManager.cpp in Sources */ = {isa = PBXBuildFile; fileRef = AD26CCA1168D1400007C3551 /* InputManager.cpp */; };
		AD26CCAC168D1DCB007C3551 /* Controller.cpp in Sources */ = {isa = PBXBuildFile; fileRef = AD26CCA8168D1DCB007C3551 /* Controller.cpp */; };
		AD26CCAD168D1DCB007C3551 /* Controller.cpp in Sources */ = {isa = PBXBuildFile; fileRef = AD26CCA8168D1DCB007C3551 /* Controller.cpp */; };
		AD26CCAE168D1DCB007C3551 /* PlayerController.cpp in Sources */ = {isa = PBXBuildFile; fileRef = AD26CCAA168D1DCB007C3551 /* PlayerController.cpp */; };
		AD26CCAF168D1DCB007C3551 /* PlayerController.cpp in Sources */ = {isa = PBXBuildFile; fileRef = AD26CCAA168D1DCB007C3551 /* PlayerController.cpp */; };
		AD35B89516F69DEC001DD957 /* Menu.cpp in Sources */ = {isa = PBXBuildFile; fileRef = AD35B89316F69DEC001DD957 /* Menu.cpp */; };
		AD35B89616F69DEC001DD957 /* Menu.cpp in Sources */ = {isa = PBXBuildFile; fileRef = AD35B89316F69DEC001DD957 /* Menu.cpp */; };
		AD35B89B16F69E0F001DD957 /* DebugManager.cpp in Sources */ = {isa = PBXBuildFile; fileRef = AD35B89716F69E0F001DD957 /* DebugManager.cpp */; };
		AD35B89C16F69E0F001DD957 /* DebugManager.cpp in Sources */ = {isa = PBXBuildFile; fileRef = AD35B89716F69E0F001DD957 /* DebugManager.cpp */; };
		AD35B89D16F69E0F001DD957 /* SoundManager.cpp in Sources */ = {isa = PBXBuildFile; fileRef = AD35B89916F69E0F001DD957 /* SoundManager.cpp */; };
		AD35B89E16F69E0F001DD957 /* SoundManager.cpp in Sources */ = {isa = PBXBuildFile; fileRef = AD35B89916F69E0F001DD957 /* SoundManager.cpp */; };
		AD38F3EF1692369900CE751D /* TileMapGenerator.cpp in Sources */ = {isa = PBXBuildFile; fileRef = AD38F3ED1692369900CE751D /* TileMapGenerator.cpp */; };
		AD38F3F01692369900CE751D /* TileMapGenerator.cpp in Sources */ = {isa = PBXBuildFile; fileRef = AD38F3ED1692369900CE751D /* TileMapGenerator.cpp */; };
		AD468D941661980C00A71745 /* SDL.framework in Frameworks */ = {isa = PBXBuildFile; fileRef = AD468D931661980C00A71745 /* SDL.framework */; };
		AD59AEBC1702B35300B187BC /* MenuImage.cpp in Sources */ = {isa = PBXBuildFile; fileRef = AD59AEBA1702B35300B187BC /* MenuImage.cpp */; };
		AD59AEBD1702B35300B187BC /* MenuImage.cpp in Sources */ = {isa = PBXBuildFile; fileRef = AD59AEBA1702B35300B187BC /* MenuImage.cpp */; };
		AD9D29181646F7BE00240FDC /* InfoPlist.strings in Resources */ = {isa = PBXBuildFile; fileRef = AD9D29161646F7BE00240FDC /* InfoPlist.strings */; };
		AD9D291E1646F7BE00240FDC /* Credits.rtf in Resources */ = {isa = PBXBuildFile; fileRef = AD9D291C1646F7BE00240FDC /* Credits.rtf */; };
		AD9D292D1646F89000240FDC /* OpenGL.framework in Frameworks */ = {isa = PBXBuildFile; fileRef = AD9D292C1646F89000240FDC /* OpenGL.framework */; };
		AD9D292F1646F8AE00240FDC /* OpenGLES.framework in Frameworks */ = {isa = PBXBuildFile; fileRef = AD9D292E1646F8AE00240FDC /* OpenGLES.framework */; };
		ADBBD19D16619AF400F2AF13 /* AppKit.framework in Frameworks */ = {isa = PBXBuildFile; fileRef = ADBBD19B16619AF400F2AF13 /* AppKit.framework */; };
		ADBBD19E16619AF400F2AF13 /* Cocoa.framework in Frameworks */ = {isa = PBXBuildFile; fileRef = ADBBD19C16619AF400F2AF13 /* Cocoa.framework */; };
		ADBBD22316619D2C00F2AF13 /* PCSurface.cpp in Sources */ = {isa = PBXBuildFile; fileRef = ADBBD1A716619D2C00F2AF13 /* PCSurface.cpp */; };
		ADBBD22416619D2C00F2AF13 /* PCSurface.cpp in Sources */ = {isa = PBXBuildFile; fileRef = ADBBD1A716619D2C00F2AF13 /* PCSurface.cpp */; };
		ADBBD22516619D2C00F2AF13 /* PhysicsObject.cpp in Sources */ = {isa = PBXBuildFile; fileRef = ADBBD1A916619D2C00F2AF13 /* PhysicsObject.cpp */; };
		ADBBD22616619D2C00F2AF13 /* PhysicsObject.cpp in Sources */ = {isa = PBXBuildFile; fileRef = ADBBD1A916619D2C00F2AF13 /* PhysicsObject.cpp */; };
		ADBBD22716619D2C00F2AF13 /* Surface.cpp in Sources */ = {isa = PBXBuildFile; fileRef = ADBBD1AB16619D2C00F2AF13 /* Surface.cpp */; };
		ADBBD22816619D2C00F2AF13 /* Surface.cpp in Sources */ = {isa = PBXBuildFile; fileRef = ADBBD1AB16619D2C00F2AF13 /* Surface.cpp */; };
		ADBBD22916619D2C00F2AF13 /* Transform.cpp in Sources */ = {isa = PBXBuildFile; fileRef = ADBBD1AD16619D2C00F2AF13 /* Transform.cpp */; };
		ADBBD22A16619D2C00F2AF13 /* Transform.cpp in Sources */ = {isa = PBXBuildFile; fileRef = ADBBD1AD16619D2C00F2AF13 /* Transform.cpp */; };
		ADBBD22B16619D2C00F2AF13 /* AutoCrit.cpp in Sources */ = {isa = PBXBuildFile; fileRef = ADBBD1B016619D2C00F2AF13 /* AutoCrit.cpp */; };
		ADBBD22C16619D2C00F2AF13 /* AutoCrit.cpp in Sources */ = {isa = PBXBuildFile; fileRef = ADBBD1B016619D2C00F2AF13 /* AutoCrit.cpp */; };
		ADBBD22D16619D2C00F2AF13 /* Common.cpp in Sources */ = {isa = PBXBuildFile; fileRef = ADBBD1B216619D2C00F2AF13 /* Common.cpp */; };
		ADBBD22E16619D2C00F2AF13 /* Common.cpp in Sources */ = {isa = PBXBuildFile; fileRef = ADBBD1B216619D2C00F2AF13 /* Common.cpp */; };
		ADBBD22F16619D2C00F2AF13 /* GameObject.cpp in Sources */ = {isa = PBXBuildFile; fileRef = ADBBD1B516619D2C00F2AF13 /* GameObject.cpp */; };
		ADBBD23016619D2C00F2AF13 /* GameObject.cpp in Sources */ = {isa = PBXBuildFile; fileRef = ADBBD1B516619D2C00F2AF13 /* GameObject.cpp */; };
		ADBBD23116619D2C00F2AF13 /* MathExt.cpp in Sources */ = {isa = PBXBuildFile; fileRef = ADBBD1B816619D2C00F2AF13 /* MathExt.cpp */; };
		ADBBD23216619D2C00F2AF13 /* MathExt.cpp in Sources */ = {isa = PBXBuildFile; fileRef = ADBBD1B816619D2C00F2AF13 /* MathExt.cpp */; };
		ADBBD23316619D2C00F2AF13 /* GameApp.cpp in Sources */ = {isa = PBXBuildFile; fileRef = ADBBD1BB16619D2C00F2AF13 /* GameApp.cpp */; };
		ADBBD23416619D2C00F2AF13 /* GameApp.cpp in Sources */ = {isa = PBXBuildFile; fileRef = ADBBD1BB16619D2C00F2AF13 /* GameApp.cpp */; };
		ADBBD23516619D2C00F2AF13 /* PCScreen.cpp in Sources */ = {isa = PBXBuildFile; fileRef = ADBBD1BE16619D2C00F2AF13 /* PCScreen.cpp */; };
		ADBBD23616619D2C00F2AF13 /* PCScreen.cpp in Sources */ = {isa = PBXBuildFile; fileRef = ADBBD1BE16619D2C00F2AF13 /* PCScreen.cpp */; };
		ADBBD23716619D2C00F2AF13 /* Screen.cpp in Sources */ = {isa = PBXBuildFile; fileRef = ADBBD1C016619D2C00F2AF13 /* Screen.cpp */; };
		ADBBD23816619D2C00F2AF13 /* Screen.cpp in Sources */ = {isa = PBXBuildFile; fileRef = ADBBD1C016619D2C00F2AF13 /* Screen.cpp */; };
		ADBBD23916619D2C00F2AF13 /* View.cpp in Sources */ = {isa = PBXBuildFile; fileRef = ADBBD1C216619D2C00F2AF13 /* View.cpp */; };
		ADBBD23A16619D2C00F2AF13 /* View.cpp in Sources */ = {isa = PBXBuildFile; fileRef = ADBBD1C216619D2C00F2AF13 /* View.cpp */; };
		ADBBD23B16619D2C00F2AF13 /* Level.cpp in Sources */ = {isa = PBXBuildFile; fileRef = ADBBD1C516619D2C00F2AF13 /* Level.cpp */; };
		ADBBD23C16619D2C00F2AF13 /* Level.cpp in Sources */ = {isa = PBXBuildFile; fileRef = ADBBD1C516619D2C00F2AF13 /* Level.cpp */; };
		ADBBD27D16619D2C00F2AF13 /* main.cpp in Sources */ = {isa = PBXBuildFile; fileRef = ADBBD20116619D2C00F2AF13 /* main.cpp */; };
		ADBBD27E16619D2C00F2AF13 /* main.cpp in Sources */ = {isa = PBXBuildFile; fileRef = ADBBD20116619D2C00F2AF13 /* main.cpp */; };
		ADBBD27F16619D2C00F2AF13 /* GraphicsManager.cpp in Sources */ = {isa = PBXBuildFile; fileRef = ADBBD20316619D2C00F2AF13 /* GraphicsManager.cpp */; };
		ADBBD28016619D2C00F2AF13 /* GraphicsManager.cpp in Sources */ = {isa = PBXBuildFile; fileRef = ADBBD20316619D2C00F2AF13 /* GraphicsManager.cpp */; };
		ADBBD28116619D2C00F2AF13 /* LevelManager.cpp in Sources */ = {isa = PBXBuildFile; fileRef = ADBBD20516619D2C00F2AF13 /* LevelManager.cpp */; };
		ADBBD28216619D2C00F2AF13 /* LevelManager.cpp in Sources */ = {isa = PBXBuildFile; fileRef = ADBBD20516619D2C00F2AF13 /* LevelManager.cpp */; };
		ADBBD28316619D2C00F2AF13 /* ObjectManager.cpp in Sources */ = {isa = PBXBuildFile; fileRef = ADBBD20816619D2C00F2AF13 /* ObjectManager.cpp */; };
		ADBBD28416619D2C00F2AF13 /* ObjectManager.cpp in Sources */ = {isa = PBXBuildFile; fileRef = ADBBD20816619D2C00F2AF13 /* ObjectManager.cpp */; };
		ADBBD28516619D2C00F2AF13 /* PhysicsWorld.cpp in Sources */ = {isa = PBXBuildFile; fileRef = ADBBD20A16619D2C00F2AF13 /* PhysicsWorld.cpp */; };
		ADBBD28616619D2C00F2AF13 /* PhysicsWorld.cpp in Sources */ = {isa = PBXBuildFile; fileRef = ADBBD20A16619D2C00F2AF13 /* PhysicsWorld.cpp */; };
		ADBBD28716619D2C00F2AF13 /* Parser.cpp in Sources */ = {isa = PBXBuildFile; fileRef = ADBBD20D16619D2C00F2AF13 /* Parser.cpp */; };
		ADBBD28816619D2C00F2AF13 /* Parser.cpp in Sources */ = {isa = PBXBuildFile; fileRef = ADBBD20D16619D2C00F2AF13 /* Parser.cpp */; };
		ADBBD28916619D2C00F2AF13 /* TextParser.cpp in Sources */ = {isa = PBXBuildFile; fileRef = ADBBD20F16619D2C00F2AF13 /* TextParser.cpp */; };
		ADBBD28A16619D2C00F2AF13 /* TextParser.cpp in Sources */ = {isa = PBXBuildFile; fileRef = ADBBD20F16619D2C00F2AF13 /* TextParser.cpp */; };
		ADBBD28B16619D2C00F2AF13 /* XMLParser.cpp in Sources */ = {isa = PBXBuildFile; fileRef = ADBBD21116619D2C00F2AF13 /* XMLParser.cpp */; };
		ADBBD28C16619D2C00F2AF13 /* XMLParser.cpp in Sources */ = {isa = PBXBuildFile; fileRef = ADBBD21116619D2C00F2AF13 /* XMLParser.cpp */; };
		ADBBD28D16619D2C00F2AF13 /* CollisionPair.cpp in Sources */ = {isa = PBXBuildFile; fileRef = ADBBD21416619D2C00F2AF13 /* CollisionPair.cpp */; };
		ADBBD28E16619D2C00F2AF13 /* CollisionPair.cpp in Sources */ = {isa = PBXBuildFile; fileRef = ADBBD21416619D2C00F2AF13 /* CollisionPair.cpp */; };
		ADBBD28F16619D2C00F2AF13 /* ForceGenerator.cpp in Sources */ = {isa = PBXBuildFile; fileRef = ADBBD21616619D2C00F2AF13 /* ForceGenerator.cpp */; };
		ADBBD29016619D2C00F2AF13 /* ForceGenerator.cpp in Sources */ = {isa = PBXBuildFile; fileRef = ADBBD21616619D2C00F2AF13 /* ForceGenerator.cpp */; };
		ADBBD29116619D2C00F2AF13 /* ForceRegistry.cpp in Sources */ = {isa = PBXBuildFile; fileRef = ADBBD21816619D2C00F2AF13 /* ForceRegistry.cpp */; };
		ADBBD29216619D2C00F2AF13 /* ForceRegistry.cpp in Sources */ = {isa = PBXBuildFile; fileRef = ADBBD21816619D2C00F2AF13 /* ForceRegistry.cpp */; };
		ADBBD29316619D2C00F2AF13 /* GravityGenerator.cpp in Sources */ = {isa = PBXBuildFile; fileRef = ADBBD21A16619D2C00F2AF13 /* GravityGenerator.cpp */; };
		ADBBD29416619D2C00F2AF13 /* GravityGenerator.cpp in Sources */ = {isa = PBXBuildFile; fileRef = ADBBD21A16619D2C00F2AF13 /* GravityGenerator.cpp */; };
		ADBBD29516619D2C00F2AF13 /* Resolver.cpp in Sources */ = {isa = PBXBuildFile; fileRef = ADBBD21C16619D2C00F2AF13 /* Resolver.cpp */; };
		ADBBD29616619D2C00F2AF13 /* Resolver.cpp in Sources */ = {isa = PBXBuildFile; fileRef = ADBBD21C16619D2C00F2AF13 /* Resolver.cpp */; };
		ADBBD29716619D2C00F2AF13 /* tinyxml2.cpp in Sources */ = {isa = PBXBuildFile; fileRef = ADBBD21F16619D2C00F2AF13 /* tinyxml2.cpp */; };
		ADBBD29816619D2C00F2AF13 /* tinyxml2.cpp in Sources */ = {isa = PBXBuildFile; fileRef = ADBBD21F16619D2C00F2AF13 /* tinyxml2.cpp */; };
		ADBBD29A16619F8100F2AF13 /* SDL_image.framework in Frameworks */ = {isa = PBXBuildFile; fileRef = ADBBD29916619F8100F2AF13 /* SDL_image.framework */; };
		ADBBD29D1661A4B500F2AF13 /* SDLMain.m in Sources */ = {isa = PBXBuildFile; fileRef = ADBBD29C1661A4B500F2AF13 /* SDLMain.m */; };
		ADC4B2CC168AF19000E96A19 /* ControllerManager.cpp in Sources */ = {isa = PBXBuildFile; fileRef = ADC4B2CA168AF19000E96A19 /* ControllerManager.cpp */; };
		ADC4B2CD168AF19000E96A19 /* ControllerManager.cpp in Sources */ = {isa = PBXBuildFile; fileRef = ADC4B2CA168AF19000E96A19 /* ControllerManager.cpp */; };
		ADD5EABE15F325C5005E20E7 /* UIKit.framework in Frameworks */ = {isa = PBXBuildFile; fileRef = ADD5EABD15F325C5005E20E7 /* UIKit.framework */; };
		ADD5EAC015F325C5005E20E7 /* Foundation.framework in Frameworks */ = {isa = PBXBuildFile; fileRef = ADD5EABF15F325C5005E20E7 /* Foundation.framework */; };
		ADD5EAC215F325C5005E20E7 /* CoreGraphics.framework in Frameworks */ = {isa = PBXBuildFile; fileRef = ADD5EAC115F325C5005E20E7 /* CoreGraphics.framework */; };
		ADD5EAC815F325C5005E20E7 /* InfoPlist.strings in Resources */ = {isa = PBXBuildFile; fileRef = ADD5EAC615F325C5005E20E7 /* InfoPlist.strings */; };
		ADD5EACA15F325C5005E20E7 /* main.m in Sources */ = {isa = PBXBuildFile; fileRef = ADD5EAC915F325C5005E20E7 /* main.m */; };
		ADD5EACE15F325C5005E20E7 /* AppDelegate.m in Sources */ = {isa = PBXBuildFile; fileRef = ADD5EACD15F325C5005E20E7 /* AppDelegate.m */; };
/* End PBXBuildFile section */

/* Begin PBXFileReference section */
		AD0754D01683D454006DE741 /* lauxlib.h */ = {isa = PBXFileReference; fileEncoding = 4; lastKnownFileType = sourcecode.c.h; path = lauxlib.h; sourceTree = "<group>"; };
		AD0754D11683D454006DE741 /* lua.h */ = {isa = PBXFileReference; fileEncoding = 4; lastKnownFileType = sourcecode.c.h; path = lua.h; sourceTree = "<group>"; };
		AD0754D21683D454006DE741 /* luaconf.h */ = {isa = PBXFileReference; fileEncoding = 4; lastKnownFileType = sourcecode.c.h; path = luaconf.h; sourceTree = "<group>"; };
		AD0754D31683D454006DE741 /* lualib.h */ = {isa = PBXFileReference; fileEncoding = 4; lastKnownFileType = sourcecode.c.h; path = lualib.h; sourceTree = "<group>"; };
		AD0754D41683D454006DE741 /* lua.c */ = {isa = PBXFileReference; fileEncoding = 4; lastKnownFileType = sourcecode.c.c; path = lua.c; sourceTree = "<group>"; };
		AD0754D51683D454006DE741 /* LUATypes.cpp */ = {isa = PBXFileReference; fileEncoding = 4; lastKnownFileType = sourcecode.cpp.cpp; path = LUATypes.cpp; sourceTree = "<group>"; };
		AD0754D61683D454006DE741 /* LUATypes.h */ = {isa = PBXFileReference; fileEncoding = 4; lastKnownFileType = sourcecode.c.h; path = LUATypes.h; sourceTree = "<group>"; };
		AD0754D71683D454006DE741 /* SLB.cpp */ = {isa = PBXFileReference; fileEncoding = 4; lastKnownFileType = sourcecode.cpp.cpp; path = SLB.cpp; sourceTree = "<group>"; };
		AD0754D81683D454006DE741 /* SLB.hpp */ = {isa = PBXFileReference; fileEncoding = 4; lastKnownFileType = sourcecode.cpp.h; path = SLB.hpp; sourceTree = "<group>"; };
		AD1680CF16914C0700B390A8 /* TextureCoordinates.cpp */ = {isa = PBXFileReference; fileEncoding = 4; lastKnownFileType = sourcecode.cpp.cpp; path = TextureCoordinates.cpp; sourceTree = "<group>"; };
		AD1680D016914C0700B390A8 /* TextureCoordinates.h */ = {isa = PBXFileReference; fileEncoding = 4; lastKnownFileType = sourcecode.c.h; path = TextureCoordinates.h; sourceTree = "<group>"; };
		AD26CCA1168D1400007C3551 /* InputManager.cpp */ = {isa = PBXFileReference; fileEncoding = 4; lastKnownFileType = sourcecode.cpp.cpp; path = InputManager.cpp; sourceTree = "<group>"; };
		AD26CCA2168D1400007C3551 /* InputManager.h */ = {isa = PBXFileReference; fileEncoding = 4; lastKnownFileType = sourcecode.c.h; path = InputManager.h; sourceTree = "<group>"; };
		AD26CCA8168D1DCB007C3551 /* Controller.cpp */ = {isa = PBXFileReference; fileEncoding = 4; lastKnownFileType = sourcecode.cpp.cpp; path = Controller.cpp; sourceTree = "<group>"; };
		AD26CCA9168D1DCB007C3551 /* Controller.h */ = {isa = PBXFileReference; fileEncoding = 4; lastKnownFileType = sourcecode.c.h; path = Controller.h; sourceTree = "<group>"; };
		AD26CCAA168D1DCB007C3551 /* PlayerController.cpp */ = {isa = PBXFileReference; fileEncoding = 4; lastKnownFileType = sourcecode.cpp.cpp; path = PlayerController.cpp; sourceTree = "<group>"; };
		AD26CCAB168D1DCB007C3551 /* PlayerController.h */ = {isa = PBXFileReference; fileEncoding = 4; lastKnownFileType = sourcecode.c.h; path = PlayerController.h; sourceTree = "<group>"; };
		AD26CCB1168D1DD3007C3551 /* InputMessage.h */ = {isa = PBXFileReference; fileEncoding = 4; lastKnownFileType = sourcecode.c.h; path = InputMessage.h; sourceTree = "<group>"; };
		AD26CCB2168D1DD3007C3551 /* Message.h */ = {isa = PBXFileReference; fileEncoding = 4; lastKnownFileType = sourcecode.c.h; path = Message.h; sourceTree = "<group>"; };
		AD35B89216F69DDE001DD957 /* CollisionMessage.h */ = {isa = PBXFileReference; fileEncoding = 4; lastKnownFileType = sourcecode.c.h; path = CollisionMessage.h; sourceTree = "<group>"; };
		AD35B89316F69DEC001DD957 /* Menu.cpp */ = {isa = PBXFileReference; fileEncoding = 4; lastKnownFileType = sourcecode.cpp.cpp; path = Menu.cpp; sourceTree = "<group>"; };
		AD35B89416F69DEC001DD957 /* Menu.h */ = {isa = PBXFileReference; fileEncoding = 4; lastKnownFileType = sourcecode.c.h; path = Menu.h; sourceTree = "<group>"; };
		AD35B89716F69E0F001DD957 /* DebugManager.cpp */ = {isa = PBXFileReference; fileEncoding = 4; lastKnownFileType = sourcecode.cpp.cpp; path = DebugManager.cpp; sourceTree = "<group>"; };
		AD35B89816F69E0F001DD957 /* DebugManager.h */ = {isa = PBXFileReference; fileEncoding = 4; lastKnownFileType = sourcecode.c.h; path = DebugManager.h; sourceTree = "<group>"; };
		AD35B89916F69E0F001DD957 /* SoundManager.cpp */ = {isa = PBXFileReference; fileEncoding = 4; lastKnownFileType = sourcecode.cpp.cpp; path = SoundManager.cpp; sourceTree = "<group>"; };
		AD35B89A16F69E0F001DD957 /* SoundManager.h */ = {isa = PBXFileReference; fileEncoding = 4; lastKnownFileType = sourcecode.c.h; path = SoundManager.h; sourceTree = "<group>"; };
		AD35B89F16F69EC5001DD957 /* AntTweakBar.lib */ = {isa = PBXFileReference; lastKnownFileType = archive.ar; name = AntTweakBar.lib; path = ../Source/AntTweakBar/lib/AntTweakBar.lib; sourceTree = "<group>"; };
		AD38F3ED1692369900CE751D /* TileMapGenerator.cpp */ = {isa = PBXFileReference; fileEncoding = 4; lastKnownFileType = sourcecode.cpp.cpp; path = TileMapGenerator.cpp; sourceTree = "<group>"; };
		AD38F3EE1692369900CE751D /* TileMapGenerator.h */ = {isa = PBXFileReference; fileEncoding = 4; lastKnownFileType = sourcecode.c.h; path = TileMapGenerator.h; sourceTree = "<group>"; };
		AD468D931661980C00A71745 /* SDL.framework */ = {isa = PBXFileReference; lastKnownFileType = wrapper.framework; name = SDL.framework; path = ../../../../../Library/Frameworks/SDL.framework; sourceTree = "<group>"; };
		AD59AEB7170176DD00B187BC /* MenuElement.h */ = {isa = PBXFileReference; fileEncoding = 4; lastKnownFileType = sourcecode.c.h; path = MenuElement.h; sourceTree = "<group>"; };
		AD59AEBA1702B35300B187BC /* MenuImage.cpp */ = {isa = PBXFileReference; fileEncoding = 4; lastKnownFileType = sourcecode.cpp.cpp; path = MenuImage.cpp; sourceTree = "<group>"; };
		AD59AEBB1702B35300B187BC /* MenuImage.h */ = {isa = PBXFileReference; fileEncoding = 4; lastKnownFileType = sourcecode.c.h; path = MenuImage.h; sourceTree = "<group>"; };
		AD9D290B1646F7BE00240FDC /* JFrameworkMac.app */ = {isa = PBXFileReference; explicitFileType = wrapper.application; includeInIndex = 0; path = JFrameworkMac.app; sourceTree = BUILT_PRODUCTS_DIR; };
		AD9D29151646F7BE00240FDC /* JFrameworkMac-Info.plist */ = {isa = PBXFileReference; lastKnownFileType = text.plist.xml; path = "JFrameworkMac-Info.plist"; sourceTree = "<group>"; };
		AD9D29171646F7BE00240FDC /* en */ = {isa = PBXFileReference; lastKnownFileType = text.plist.strings; name = en; path = en.lproj/InfoPlist.strings; sourceTree = "<group>"; };
		AD9D291B1646F7BE00240FDC /* JFrameworkMac-Prefix.pch */ = {isa = PBXFileReference; lastKnownFileType = sourcecode.c.h; path = "JFrameworkMac-Prefix.pch"; sourceTree = "<group>"; };
		AD9D291D1646F7BE00240FDC /* en */ = {isa = PBXFileReference; lastKnownFileType = text.rtf; name = en; path = en.lproj/Credits.rtf; sourceTree = "<group>"; };
		AD9D292C1646F89000240FDC /* OpenGL.framework */ = {isa = PBXFileReference; lastKnownFileType = wrapper.framework; name = OpenGL.framework; path = Platforms/MacOSX.platform/Developer/SDKs/MacOSX10.8.sdk/System/Library/Frameworks/OpenGL.framework; sourceTree = DEVELOPER_DIR; };
		AD9D292E1646F8AE00240FDC /* OpenGLES.framework */ = {isa = PBXFileReference; lastKnownFileType = wrapper.framework; name = OpenGLES.framework; path = System/Library/Frameworks/OpenGLES.framework; sourceTree = SDKROOT; };
		ADBBD19B16619AF400F2AF13 /* AppKit.framework */ = {isa = PBXFileReference; lastKnownFileType = wrapper.framework; name = AppKit.framework; path = ../../../../../System/Library/Frameworks/AppKit.framework; sourceTree = "<group>"; };
		ADBBD19C16619AF400F2AF13 /* Cocoa.framework */ = {isa = PBXFileReference; lastKnownFileType = wrapper.framework; name = Cocoa.framework; path = ../../../../../System/Library/Frameworks/Cocoa.framework; sourceTree = "<group>"; };
		ADBBD1A716619D2C00F2AF13 /* PCSurface.cpp */ = {isa = PBXFileReference; fileEncoding = 4; lastKnownFileType = sourcecode.cpp.cpp; path = PCSurface.cpp; sourceTree = "<group>"; };
		ADBBD1A816619D2C00F2AF13 /* PCSurface.h */ = {isa = PBXFileReference; fileEncoding = 4; lastKnownFileType = sourcecode.c.h; path = PCSurface.h; sourceTree = "<group>"; };
		ADBBD1A916619D2C00F2AF13 /* PhysicsObject.cpp */ = {isa = PBXFileReference; fileEncoding = 4; lastKnownFileType = sourcecode.cpp.cpp; path = PhysicsObject.cpp; sourceTree = "<group>"; };
		ADBBD1AA16619D2C00F2AF13 /* PhysicsObject.h */ = {isa = PBXFileReference; fileEncoding = 4; lastKnownFileType = sourcecode.c.h; path = PhysicsObject.h; sourceTree = "<group>"; };
		ADBBD1AB16619D2C00F2AF13 /* Surface.cpp */ = {isa = PBXFileReference; fileEncoding = 4; lastKnownFileType = sourcecode.cpp.cpp; path = Surface.cpp; sourceTree = "<group>"; };
		ADBBD1AC16619D2C00F2AF13 /* Surface.h */ = {isa = PBXFileReference; fileEncoding = 4; lastKnownFileType = sourcecode.c.h; path = Surface.h; sourceTree = "<group>"; };
		ADBBD1AD16619D2C00F2AF13 /* Transform.cpp */ = {isa = PBXFileReference; fileEncoding = 4; lastKnownFileType = sourcecode.cpp.cpp; path = Transform.cpp; sourceTree = "<group>"; };
		ADBBD1AE16619D2C00F2AF13 /* Transform.h */ = {isa = PBXFileReference; fileEncoding = 4; lastKnownFileType = sourcecode.c.h; path = Transform.h; sourceTree = "<group>"; };
		ADBBD1B016619D2C00F2AF13 /* AutoCrit.cpp */ = {isa = PBXFileReference; fileEncoding = 4; lastKnownFileType = sourcecode.cpp.cpp; path = AutoCrit.cpp; sourceTree = "<group>"; };
		ADBBD1B116619D2C00F2AF13 /* AutoCrit.h */ = {isa = PBXFileReference; fileEncoding = 4; lastKnownFileType = sourcecode.c.h; path = AutoCrit.h; sourceTree = "<group>"; };
		ADBBD1B216619D2C00F2AF13 /* Common.cpp */ = {isa = PBXFileReference; fileEncoding = 4; lastKnownFileType = sourcecode.cpp.cpp; path = Common.cpp; sourceTree = "<group>"; };
		ADBBD1B316619D2C00F2AF13 /* Common.h */ = {isa = PBXFileReference; fileEncoding = 4; lastKnownFileType = sourcecode.c.h; path = Common.h; sourceTree = "<group>"; };
		ADBBD1B416619D2C00F2AF13 /* Component.h */ = {isa = PBXFileReference; fileEncoding = 4; lastKnownFileType = sourcecode.c.h; path = Component.h; sourceTree = "<group>"; };
		ADBBD1B516619D2C00F2AF13 /* GameObject.cpp */ = {isa = PBXFileReference; fileEncoding = 4; lastKnownFileType = sourcecode.cpp.cpp; path = GameObject.cpp; sourceTree = "<group>"; };
		ADBBD1B616619D2C00F2AF13 /* GameObject.h */ = {isa = PBXFileReference; fileEncoding = 4; lastKnownFileType = sourcecode.c.h; path = GameObject.h; sourceTree = "<group>"; };
		ADBBD1B716619D2C00F2AF13 /* LuaIncludes.h */ = {isa = PBXFileReference; fileEncoding = 4; lastKnownFileType = sourcecode.c.h; path = LuaIncludes.h; sourceTree = "<group>"; };
		ADBBD1B816619D2C00F2AF13 /* MathExt.cpp */ = {isa = PBXFileReference; fileEncoding = 4; lastKnownFileType = sourcecode.cpp.cpp; path = MathExt.cpp; sourceTree = "<group>"; };
		ADBBD1B916619D2C00F2AF13 /* MathExt.h */ = {isa = PBXFileReference; fileEncoding = 4; lastKnownFileType = sourcecode.c.h; path = MathExt.h; sourceTree = "<group>"; };
		ADBBD1BB16619D2C00F2AF13 /* GameApp.cpp */ = {isa = PBXFileReference; fileEncoding = 4; lastKnownFileType = sourcecode.cpp.cpp; path = GameApp.cpp; sourceTree = "<group>"; };
		ADBBD1BC16619D2C00F2AF13 /* GameApp.h */ = {isa = PBXFileReference; fileEncoding = 4; lastKnownFileType = sourcecode.c.h; path = GameApp.h; sourceTree = "<group>"; };
		ADBBD1BE16619D2C00F2AF13 /* PCScreen.cpp */ = {isa = PBXFileReference; fileEncoding = 4; lastKnownFileType = sourcecode.cpp.cpp; path = PCScreen.cpp; sourceTree = "<group>"; };
		ADBBD1BF16619D2C00F2AF13 /* PCScreen.h */ = {isa = PBXFileReference; fileEncoding = 4; lastKnownFileType = sourcecode.c.h; path = PCScreen.h; sourceTree = "<group>"; };
		ADBBD1C016619D2C00F2AF13 /* Screen.cpp */ = {isa = PBXFileReference; fileEncoding = 4; lastKnownFileType = sourcecode.cpp.cpp; path = Screen.cpp; sourceTree = "<group>"; };
		ADBBD1C116619D2C00F2AF13 /* Screen.h */ = {isa = PBXFileReference; fileEncoding = 4; lastKnownFileType = sourcecode.c.h; path = Screen.h; sourceTree = "<group>"; };
		ADBBD1C216619D2C00F2AF13 /* View.cpp */ = {isa = PBXFileReference; fileEncoding = 4; lastKnownFileType = sourcecode.cpp.cpp; path = View.cpp; sourceTree = "<group>"; };
		ADBBD1C316619D2C00F2AF13 /* View.h */ = {isa = PBXFileReference; fileEncoding = 4; lastKnownFileType = sourcecode.c.h; path = View.h; sourceTree = "<group>"; };
		ADBBD1C516619D2C00F2AF13 /* Level.cpp */ = {isa = PBXFileReference; fileEncoding = 4; lastKnownFileType = sourcecode.cpp.cpp; path = Level.cpp; sourceTree = "<group>"; };
		ADBBD1C616619D2C00F2AF13 /* Level.h */ = {isa = PBXFileReference; fileEncoding = 4; lastKnownFileType = sourcecode.c.h; path = Level.h; sourceTree = "<group>"; };
		ADBBD20116619D2C00F2AF13 /* main.cpp */ = {isa = PBXFileReference; fileEncoding = 4; lastKnownFileType = sourcecode.cpp.cpp; path = main.cpp; sourceTree = "<group>"; };
		ADBBD20316619D2C00F2AF13 /* GraphicsManager.cpp */ = {isa = PBXFileReference; fileEncoding = 4; lastKnownFileType = sourcecode.cpp.cpp; path = GraphicsManager.cpp; sourceTree = "<group>"; };
		ADBBD20416619D2C00F2AF13 /* GraphicsManager.h */ = {isa = PBXFileReference; fileEncoding = 4; lastKnownFileType = sourcecode.c.h; path = GraphicsManager.h; sourceTree = "<group>"; };
		ADBBD20516619D2C00F2AF13 /* LevelManager.cpp */ = {isa = PBXFileReference; fileEncoding = 4; lastKnownFileType = sourcecode.cpp.cpp; path = LevelManager.cpp; sourceTree = "<group>"; };
		ADBBD20616619D2C00F2AF13 /* LevelManager.h */ = {isa = PBXFileReference; fileEncoding = 4; lastKnownFileType = sourcecode.c.h; path = LevelManager.h; sourceTree = "<group>"; };
		ADBBD20716619D2C00F2AF13 /* Manager.h */ = {isa = PBXFileReference; fileEncoding = 4; lastKnownFileType = sourcecode.c.h; path = Manager.h; sourceTree = "<group>"; };
		ADBBD20816619D2C00F2AF13 /* ObjectManager.cpp */ = {isa = PBXFileReference; fileEncoding = 4; lastKnownFileType = sourcecode.cpp.cpp; path = ObjectManager.cpp; sourceTree = "<group>"; };
		ADBBD20916619D2C00F2AF13 /* ObjectManager.h */ = {isa = PBXFileReference; fileEncoding = 4; lastKnownFileType = sourcecode.c.h; path = ObjectManager.h; sourceTree = "<group>"; };
		ADBBD20A16619D2C00F2AF13 /* PhysicsWorld.cpp */ = {isa = PBXFileReference; fileEncoding = 4; lastKnownFileType = sourcecode.cpp.cpp; path = PhysicsWorld.cpp; sourceTree = "<group>"; };
		ADBBD20B16619D2C00F2AF13 /* PhysicsWorld.h */ = {isa = PBXFileReference; fileEncoding = 4; lastKnownFileType = sourcecode.c.h; path = PhysicsWorld.h; sourceTree = "<group>"; };
		ADBBD20D16619D2C00F2AF13 /* Parser.cpp */ = {isa = PBXFileReference; fileEncoding = 4; lastKnownFileType = sourcecode.cpp.cpp; path = Parser.cpp; sourceTree = "<group>"; };
		ADBBD20E16619D2C00F2AF13 /* Parser.h */ = {isa = PBXFileReference; fileEncoding = 4; lastKnownFileType = sourcecode.c.h; path = Parser.h; sourceTree = "<group>"; };
		ADBBD20F16619D2C00F2AF13 /* TextParser.cpp */ = {isa = PBXFileReference; fileEncoding = 4; lastKnownFileType = sourcecode.cpp.cpp; path = TextParser.cpp; sourceTree = "<group>"; };
		ADBBD21016619D2C00F2AF13 /* TextParser.h */ = {isa = PBXFileReference; fileEncoding = 4; lastKnownFileType = sourcecode.c.h; path = TextParser.h; sourceTree = "<group>"; };
		ADBBD21116619D2C00F2AF13 /* XMLParser.cpp */ = {isa = PBXFileReference; fileEncoding = 4; lastKnownFileType = sourcecode.cpp.cpp; path = XMLParser.cpp; sourceTree = "<group>"; };
		ADBBD21216619D2C00F2AF13 /* XMLParser.h */ = {isa = PBXFileReference; fileEncoding = 4; lastKnownFileType = sourcecode.c.h; path = XMLParser.h; sourceTree = "<group>"; };
		ADBBD21416619D2C00F2AF13 /* CollisionPair.cpp */ = {isa = PBXFileReference; fileEncoding = 4; lastKnownFileType = sourcecode.cpp.cpp; path = CollisionPair.cpp; sourceTree = "<group>"; };
		ADBBD21516619D2C00F2AF13 /* CollisionPair.h */ = {isa = PBXFileReference; fileEncoding = 4; lastKnownFileType = sourcecode.c.h; path = CollisionPair.h; sourceTree = "<group>"; };
		ADBBD21616619D2C00F2AF13 /* ForceGenerator.cpp */ = {isa = PBXFileReference; fileEncoding = 4; lastKnownFileType = sourcecode.cpp.cpp; path = ForceGenerator.cpp; sourceTree = "<group>"; };
		ADBBD21716619D2C00F2AF13 /* ForceGenerator.h */ = {isa = PBXFileReference; fileEncoding = 4; lastKnownFileType = sourcecode.c.h; path = ForceGenerator.h; sourceTree = "<group>"; };
		ADBBD21816619D2C00F2AF13 /* ForceRegistry.cpp */ = {isa = PBXFileReference; fileEncoding = 4; lastKnownFileType = sourcecode.cpp.cpp; path = ForceRegistry.cpp; sourceTree = "<group>"; };
		ADBBD21916619D2C00F2AF13 /* ForceRegistry.h */ = {isa = PBXFileReference; fileEncoding = 4; lastKnownFileType = sourcecode.c.h; path = ForceRegistry.h; sourceTree = "<group>"; };
		ADBBD21A16619D2C00F2AF13 /* GravityGenerator.cpp */ = {isa = PBXFileReference; fileEncoding = 4; lastKnownFileType = sourcecode.cpp.cpp; path = GravityGenerator.cpp; sourceTree = "<group>"; };
		ADBBD21B16619D2C00F2AF13 /* GravityGenerator.h */ = {isa = PBXFileReference; fileEncoding = 4; lastKnownFileType = sourcecode.c.h; path = GravityGenerator.h; sourceTree = "<group>"; };
		ADBBD21C16619D2C00F2AF13 /* Resolver.cpp */ = {isa = PBXFileReference; fileEncoding = 4; lastKnownFileType = sourcecode.cpp.cpp; path = Resolver.cpp; sourceTree = "<group>"; };
		ADBBD21D16619D2C00F2AF13 /* Resolver.h */ = {isa = PBXFileReference; fileEncoding = 4; lastKnownFileType = sourcecode.c.h; path = Resolver.h; sourceTree = "<group>"; };
		ADBBD21F16619D2C00F2AF13 /* tinyxml2.cpp */ = {isa = PBXFileReference; fileEncoding = 4; lastKnownFileType = sourcecode.cpp.cpp; path = tinyxml2.cpp; sourceTree = "<group>"; };
		ADBBD22016619D2C00F2AF13 /* tinyxml2.h */ = {isa = PBXFileReference; fileEncoding = 4; lastKnownFileType = sourcecode.c.h; path = tinyxml2.h; sourceTree = "<group>"; };
		ADBBD29916619F8100F2AF13 /* SDL_image.framework */ = {isa = PBXFileReference; lastKnownFileType = wrapper.framework; name = SDL_image.framework; path = ../../../../../Library/Frameworks/SDL_image.framework; sourceTree = "<group>"; };
		ADBBD29B1661A4B500F2AF13 /* SDLMain.h */ = {isa = PBXFileReference; fileEncoding = 4; lastKnownFileType = sourcecode.c.h; path = SDLMain.h; sourceTree = "<group>"; };
		ADBBD29C1661A4B500F2AF13 /* SDLMain.m */ = {isa = PBXFileReference; fileEncoding = 4; lastKnownFileType = sourcecode.c.objc; path = SDLMain.m; sourceTree = "<group>"; };
		ADC4B2CA168AF19000E96A19 /* ControllerManager.cpp */ = {isa = PBXFileReference; fileEncoding = 4; lastKnownFileType = sourcecode.cpp.cpp; path = ControllerManager.cpp; sourceTree = "<group>"; };
		ADC4B2CB168AF19000E96A19 /* ControllerManager.h */ = {isa = PBXFileReference; fileEncoding = 4; lastKnownFileType = sourcecode.c.h; path = ControllerManager.h; sourceTree = "<group>"; };
		ADD5EAB915F325C5005E20E7 /* JFramework.app */ = {isa = PBXFileReference; explicitFileType = wrapper.application; includeInIndex = 0; path = JFramework.app; sourceTree = BUILT_PRODUCTS_DIR; };
		ADD5EABD15F325C5005E20E7 /* UIKit.framework */ = {isa = PBXFileReference; lastKnownFileType = wrapper.framework; name = UIKit.framework; path = System/Library/Frameworks/UIKit.framework; sourceTree = SDKROOT; };
		ADD5EABF15F325C5005E20E7 /* Foundation.framework */ = {isa = PBXFileReference; lastKnownFileType = wrapper.framework; name = Foundation.framework; path = System/Library/Frameworks/Foundation.framework; sourceTree = SDKROOT; };
		ADD5EAC115F325C5005E20E7 /* CoreGraphics.framework */ = {isa = PBXFileReference; lastKnownFileType = wrapper.framework; name = CoreGraphics.framework; path = System/Library/Frameworks/CoreGraphics.framework; sourceTree = SDKROOT; };
		ADD5EAC515F325C5005E20E7 /* JFramework-Info.plist */ = {isa = PBXFileReference; lastKnownFileType = text.plist.xml; path = "JFramework-Info.plist"; sourceTree = "<group>"; };
		ADD5EAC715F325C5005E20E7 /* en */ = {isa = PBXFileReference; lastKnownFileType = text.plist.strings; name = en; path = en.lproj/InfoPlist.strings; sourceTree = "<group>"; };
		ADD5EAC915F325C5005E20E7 /* main.m */ = {isa = PBXFileReference; lastKnownFileType = sourcecode.c.objc; path = main.m; sourceTree = "<group>"; };
		ADD5EACB15F325C5005E20E7 /* JFramework-Prefix.pch */ = {isa = PBXFileReference; lastKnownFileType = sourcecode.c.h; path = "JFramework-Prefix.pch"; sourceTree = "<group>"; };
		ADD5EACC15F325C5005E20E7 /* AppDelegate.h */ = {isa = PBXFileReference; lastKnownFileType = sourcecode.c.h; path = AppDelegate.h; sourceTree = "<group>"; };
		ADD5EACD15F325C5005E20E7 /* AppDelegate.m */ = {isa = PBXFileReference; lastKnownFileType = sourcecode.c.objc; path = AppDelegate.m; sourceTree = "<group>"; };
/* End PBXFileReference section */

/* Begin PBXFrameworksBuildPhase section */
		AD9D29081646F7BE00240FDC /* Frameworks */ = {
			isa = PBXFrameworksBuildPhase;
			buildActionMask = 2147483647;
			files = (
				AD9D292D1646F89000240FDC /* OpenGL.framework in Frameworks */,
				AD468D941661980C00A71745 /* SDL.framework in Frameworks */,
				ADBBD19D16619AF400F2AF13 /* AppKit.framework in Frameworks */,
				ADBBD19E16619AF400F2AF13 /* Cocoa.framework in Frameworks */,
				ADBBD29A16619F8100F2AF13 /* SDL_image.framework in Frameworks */,
			);
			runOnlyForDeploymentPostprocessing = 0;
		};
		ADD5EAB615F325C5005E20E7 /* Frameworks */ = {
			isa = PBXFrameworksBuildPhase;
			buildActionMask = 2147483647;
			files = (
				AD9D292F1646F8AE00240FDC /* OpenGLES.framework in Frameworks */,
				ADD5EABE15F325C5005E20E7 /* UIKit.framework in Frameworks */,
				ADD5EAC015F325C5005E20E7 /* Foundation.framework in Frameworks */,
				ADD5EAC215F325C5005E20E7 /* CoreGraphics.framework in Frameworks */,
			);
			runOnlyForDeploymentPostprocessing = 0;
		};
/* End PBXFrameworksBuildPhase section */

/* Begin PBXGroup section */
		AD0754CF1683D454006DE741 /* lua */ = {
			isa = PBXGroup;
			children = (
				AD0754D01683D454006DE741 /* lauxlib.h */,
				AD0754D11683D454006DE741 /* lua.h */,
				AD0754D21683D454006DE741 /* luaconf.h */,
				AD0754D31683D454006DE741 /* lualib.h */,
			);
			path = lua;
			sourceTree = "<group>";
		};
		AD26CCA6168D18EC007C3551 /* Surface */ = {
			isa = PBXGroup;
			children = (
				ADBBD1A716619D2C00F2AF13 /* PCSurface.cpp */,
				ADBBD1A816619D2C00F2AF13 /* PCSurface.h */,
				ADBBD1AB16619D2C00F2AF13 /* Surface.cpp */,
				ADBBD1AC16619D2C00F2AF13 /* Surface.h */,
			);
			name = Surface;
			sourceTree = "<group>";
		};
		AD26CCA7168D1DCB007C3551 /* Controller */ = {
			isa = PBXGroup;
			children = (
				AD26CCA8168D1DCB007C3551 /* Controller.cpp */,
				AD26CCA9168D1DCB007C3551 /* Controller.h */,
				AD26CCAA168D1DCB007C3551 /* PlayerController.cpp */,
				AD26CCAB168D1DCB007C3551 /* PlayerController.h */,
			);
			path = Controller;
			sourceTree = "<group>";
		};
		AD26CCB0168D1DD3007C3551 /* Messages */ = {
			isa = PBXGroup;
			children = (
				AD35B89216F69DDE001DD957 /* CollisionMessage.h */,
				AD26CCB1168D1DD3007C3551 /* InputMessage.h */,
				AD26CCB2168D1DD3007C3551 /* Message.h */,
			);
			path = Messages;
			sourceTree = "<group>";
		};
		AD9D290F1646F7BE00240FDC /* Other Frameworks */ = {
			isa = PBXGroup;
			children = (
			);
			name = "Other Frameworks";
			sourceTree = "<group>";
		};
		AD9D29131646F7BE00240FDC /* JFrameworkMac */ = {
			isa = PBXGroup;
			children = (
				ADBBD29B1661A4B500F2AF13 /* SDLMain.h */,
				ADBBD29C1661A4B500F2AF13 /* SDLMain.m */,
				AD9D29141646F7BE00240FDC /* Supporting Files */,
			);
			path = JFrameworkMac;
			sourceTree = "<group>";
		};
		AD9D29141646F7BE00240FDC /* Supporting Files */ = {
			isa = PBXGroup;
			children = (
				AD9D29151646F7BE00240FDC /* JFrameworkMac-Info.plist */,
				AD9D29161646F7BE00240FDC /* InfoPlist.strings */,
				AD9D291B1646F7BE00240FDC /* JFrameworkMac-Prefix.pch */,
				AD9D291C1646F7BE00240FDC /* Credits.rtf */,
			);
			name = "Supporting Files";
			sourceTree = "<group>";
		};
		ADBBD1A316619D2C00F2AF13 /* Source */ = {
			isa = PBXGroup;
			children = (
				ADBBD1A416619D2C00F2AF13 /* Components */,
				ADBBD1AF16619D2C00F2AF13 /* Core */,
				ADBBD1BB16619D2C00F2AF13 /* GameApp.cpp */,
				ADBBD1BC16619D2C00F2AF13 /* GameApp.h */,
				ADBBD1BD16619D2C00F2AF13 /* Graphics */,
				ADBBD1C416619D2C00F2AF13 /* Logic */,
				ADBBD1C716619D2C00F2AF13 /* LUA */,
				ADBBD20116619D2C00F2AF13 /* main.cpp */,
				ADBBD20216619D2C00F2AF13 /* Managers */,
				ADBBD20C16619D2C00F2AF13 /* Parsers */,
				ADBBD21316619D2C00F2AF13 /* Physics */,
				ADBBD21E16619D2C00F2AF13 /* TinyXML */,
			);
			name = Source;
			path = ../../Source;
			sourceTree = "<group>";
		};
		ADBBD1A416619D2C00F2AF13 /* Components */ = {
			isa = PBXGroup;
			children = (
				AD26CCA7168D1DCB007C3551 /* Controller */,
				AD26CCA6168D18EC007C3551 /* Surface */,
				ADBBD1A916619D2C00F2AF13 /* PhysicsObject.cpp */,
				ADBBD1AA16619D2C00F2AF13 /* PhysicsObject.h */,
				ADBBD1AD16619D2C00F2AF13 /* Transform.cpp */,
				ADBBD1AE16619D2C00F2AF13 /* Transform.h */,
			);
			path = Components;
			sourceTree = "<group>";
		};
		ADBBD1AF16619D2C00F2AF13 /* Core */ = {
			isa = PBXGroup;
			children = (
				AD26CCB0168D1DD3007C3551 /* Messages */,
				ADBBD1B016619D2C00F2AF13 /* AutoCrit.cpp */,
				ADBBD1B116619D2C00F2AF13 /* AutoCrit.h */,
				ADBBD1B216619D2C00F2AF13 /* Common.cpp */,
				ADBBD1B316619D2C00F2AF13 /* Common.h */,
				ADBBD1B416619D2C00F2AF13 /* Component.h */,
				ADBBD1B516619D2C00F2AF13 /* GameObject.cpp */,
				ADBBD1B616619D2C00F2AF13 /* GameObject.h */,
				ADBBD1B716619D2C00F2AF13 /* LuaIncludes.h */,
				ADBBD1B816619D2C00F2AF13 /* MathExt.cpp */,
				ADBBD1B916619D2C00F2AF13 /* MathExt.h */,
			);
			path = Core;
			sourceTree = "<group>";
		};
		ADBBD1BD16619D2C00F2AF13 /* Graphics */ = {
			isa = PBXGroup;
			children = (
				ADBBD1BE16619D2C00F2AF13 /* PCScreen.cpp */,
				ADBBD1BF16619D2C00F2AF13 /* PCScreen.h */,
				ADBBD1C016619D2C00F2AF13 /* Screen.cpp */,
				ADBBD1C116619D2C00F2AF13 /* Screen.h */,
				ADBBD1C216619D2C00F2AF13 /* View.cpp */,
				ADBBD1C316619D2C00F2AF13 /* View.h */,
				AD1680CF16914C0700B390A8 /* TextureCoordinates.cpp */,
				AD1680D016914C0700B390A8 /* TextureCoordinates.h */,
			);
			path = Graphics;
			sourceTree = "<group>";
		};
		ADBBD1C416619D2C00F2AF13 /* Logic */ = {
			isa = PBXGroup;
			children = (
				AD35B89316F69DEC001DD957 /* Menu.cpp */,
				AD35B89416F69DEC001DD957 /* Menu.h */,
				ADBBD1C516619D2C00F2AF13 /* Level.cpp */,
				ADBBD1C616619D2C00F2AF13 /* Level.h */,
				AD38F3ED1692369900CE751D /* TileMapGenerator.cpp */,
				AD38F3EE1692369900CE751D /* TileMapGenerator.h */,
				AD59AEB7170176DD00B187BC /* MenuElement.h */,
				AD59AEBA1702B35300B187BC /* MenuImage.cpp */,
				AD59AEBB1702B35300B187BC /* MenuImage.h */,
			);
			path = Logic;
			sourceTree = "<group>";
		};
		ADBBD1C716619D2C00F2AF13 /* LUA */ = {
			isa = PBXGroup;
			children = (
				AD0754CF1683D454006DE741 /* lua */,
				AD0754D41683D454006DE741 /* lua.c */,
				AD0754D51683D454006DE741 /* LUATypes.cpp */,
				AD0754D61683D454006DE741 /* LUATypes.h */,
				AD0754D71683D454006DE741 /* SLB.cpp */,
				AD0754D81683D454006DE741 /* SLB.hpp */,
			);
			path = LUA;
			sourceTree = "<group>";
		};
		ADBBD20216619D2C00F2AF13 /* Managers */ = {
			isa = PBXGroup;
			children = (
				AD35B89716F69E0F001DD957 /* DebugManager.cpp */,
				AD35B89816F69E0F001DD957 /* DebugManager.h */,
				AD35B89916F69E0F001DD957 /* SoundManager.cpp */,
				AD35B89A16F69E0F001DD957 /* SoundManager.h */,
				ADBBD20316619D2C00F2AF13 /* GraphicsManager.cpp */,
				ADBBD20416619D2C00F2AF13 /* GraphicsManager.h */,
				ADBBD20516619D2C00F2AF13 /* LevelManager.cpp */,
				ADBBD20616619D2C00F2AF13 /* LevelManager.h */,
				ADBBD20716619D2C00F2AF13 /* Manager.h */,
				ADBBD20816619D2C00F2AF13 /* ObjectManager.cpp */,
				ADBBD20916619D2C00F2AF13 /* ObjectManager.h */,
				ADBBD20A16619D2C00F2AF13 /* PhysicsWorld.cpp */,
				ADBBD20B16619D2C00F2AF13 /* PhysicsWorld.h */,
				ADC4B2CA168AF19000E96A19 /* ControllerManager.cpp */,
				ADC4B2CB168AF19000E96A19 /* ControllerManager.h */,
				AD26CCA1168D1400007C3551 /* InputManager.cpp */,
				AD26CCA2168D1400007C3551 /* InputManager.h */,
			);
			path = Managers;
			sourceTree = "<group>";
		};
		ADBBD20C16619D2C00F2AF13 /* Parsers */ = {
			isa = PBXGroup;
			children = (
				ADBBD20D16619D2C00F2AF13 /* Parser.cpp */,
				ADBBD20E16619D2C00F2AF13 /* Parser.h */,
				ADBBD20F16619D2C00F2AF13 /* TextParser.cpp */,
				ADBBD21016619D2C00F2AF13 /* TextParser.h */,
				ADBBD21116619D2C00F2AF13 /* XMLParser.cpp */,
				ADBBD21216619D2C00F2AF13 /* XMLParser.h */,
			);
			path = Parsers;
			sourceTree = "<group>";
		};
		ADBBD21316619D2C00F2AF13 /* Physics */ = {
			isa = PBXGroup;
			children = (
				ADBBD21416619D2C00F2AF13 /* CollisionPair.cpp */,
				ADBBD21516619D2C00F2AF13 /* CollisionPair.h */,
				ADBBD21616619D2C00F2AF13 /* ForceGenerator.cpp */,
				ADBBD21716619D2C00F2AF13 /* ForceGenerator.h */,
				ADBBD21816619D2C00F2AF13 /* ForceRegistry.cpp */,
				ADBBD21916619D2C00F2AF13 /* ForceRegistry.h */,
				ADBBD21A16619D2C00F2AF13 /* GravityGenerator.cpp */,
				ADBBD21B16619D2C00F2AF13 /* GravityGenerator.h */,
				ADBBD21C16619D2C00F2AF13 /* Resolver.cpp */,
				ADBBD21D16619D2C00F2AF13 /* Resolver.h */,
			);
			path = Physics;
			sourceTree = "<group>";
		};
		ADBBD21E16619D2C00F2AF13 /* TinyXML */ = {
			isa = PBXGroup;
			children = (
				ADBBD21F16619D2C00F2AF13 /* tinyxml2.cpp */,
				ADBBD22016619D2C00F2AF13 /* tinyxml2.h */,
			);
			path = TinyXML;
			sourceTree = "<group>";
		};
		ADD5EAAE15F325C5005E20E7 = {
			isa = PBXGroup;
			children = (
				AD35B89F16F69EC5001DD957 /* AntTweakBar.lib */,
				ADD5EAC315F325C5005E20E7 /* JFramework */,
				AD9D29131646F7BE00240FDC /* JFrameworkMac */,
				ADD5EABC15F325C5005E20E7 /* Frameworks */,
				ADD5EABA15F325C5005E20E7 /* Products */,
			);
			sourceTree = "<group>";
		};
		ADD5EABA15F325C5005E20E7 /* Products */ = {
			isa = PBXGroup;
			children = (
				ADD5EAB915F325C5005E20E7 /* JFramework.app */,
				AD9D290B1646F7BE00240FDC /* JFrameworkMac.app */,
			);
			name = Products;
			sourceTree = "<group>";
		};
		ADD5EABC15F325C5005E20E7 /* Frameworks */ = {
			isa = PBXGroup;
			children = (
				ADBBD29916619F8100F2AF13 /* SDL_image.framework */,
				ADBBD19B16619AF400F2AF13 /* AppKit.framework */,
				ADBBD19C16619AF400F2AF13 /* Cocoa.framework */,
				AD468D931661980C00A71745 /* SDL.framework */,
				AD9D292E1646F8AE00240FDC /* OpenGLES.framework */,
				AD9D292C1646F89000240FDC /* OpenGL.framework */,
				ADD5EABD15F325C5005E20E7 /* UIKit.framework */,
				ADD5EABF15F325C5005E20E7 /* Foundation.framework */,
				ADD5EAC115F325C5005E20E7 /* CoreGraphics.framework */,
				AD9D290F1646F7BE00240FDC /* Other Frameworks */,
			);
			name = Frameworks;
			sourceTree = "<group>";
		};
		ADD5EAC315F325C5005E20E7 /* JFramework */ = {
			isa = PBXGroup;
			children = (
				ADBBD1A316619D2C00F2AF13 /* Source */,
				ADD5EAD515F326AB005E20E7 /* Mac */,
			);
			path = JFramework;
			sourceTree = "<group>";
		};
		ADD5EAC415F325C5005E20E7 /* Supporting Files */ = {
			isa = PBXGroup;
			children = (
				ADD5EAC515F325C5005E20E7 /* JFramework-Info.plist */,
				ADD5EAC615F325C5005E20E7 /* InfoPlist.strings */,
				ADD5EAC915F325C5005E20E7 /* main.m */,
				ADD5EACB15F325C5005E20E7 /* JFramework-Prefix.pch */,
			);
			name = "Supporting Files";
			sourceTree = "<group>";
		};
		ADD5EAD515F326AB005E20E7 /* Mac */ = {
			isa = PBXGroup;
			children = (
				ADD5EAC415F325C5005E20E7 /* Supporting Files */,
				ADD5EACD15F325C5005E20E7 /* AppDelegate.m */,
				ADD5EACC15F325C5005E20E7 /* AppDelegate.h */,
			);
			name = Mac;
			sourceTree = "<group>";
		};
/* End PBXGroup section */

/* Begin PBXNativeTarget section */
		AD9D290A1646F7BE00240FDC /* JFrameworkMac */ = {
			isa = PBXNativeTarget;
			buildConfigurationList = AD9D29251646F7BE00240FDC /* Build configuration list for PBXNativeTarget "JFrameworkMac" */;
			buildPhases = (
				AD9D29071646F7BE00240FDC /* Sources */,
				AD9D29081646F7BE00240FDC /* Frameworks */,
				AD9D29091646F7BE00240FDC /* Resources */,
			);
			buildRules = (
			);
			dependencies = (
			);
			name = JFrameworkMac;
			productName = JFrameworkMac;
			productReference = AD9D290B1646F7BE00240FDC /* JFrameworkMac.app */;
			productType = "com.apple.product-type.application";
		};
		ADD5EAB815F325C5005E20E7 /* JFramework */ = {
			isa = PBXNativeTarget;
			buildConfigurationList = ADD5EAD115F325C5005E20E7 /* Build configuration list for PBXNativeTarget "JFramework" */;
			buildPhases = (
				ADD5EAB515F325C5005E20E7 /* Sources */,
				ADD5EAB615F325C5005E20E7 /* Frameworks */,
				ADD5EAB715F325C5005E20E7 /* Resources */,
			);
			buildRules = (
			);
			dependencies = (
			);
			name = JFramework;
			productName = JFramework;
			productReference = ADD5EAB915F325C5005E20E7 /* JFramework.app */;
			productType = "com.apple.product-type.application";
		};
/* End PBXNativeTarget section */

/* Begin PBXProject section */
		ADD5EAB015F325C5005E20E7 /* Project object */ = {
			isa = PBXProject;
			attributes = {
				LastUpgradeCheck = 0460;
			};
			buildConfigurationList = ADD5EAB315F325C5005E20E7 /* Build configuration list for PBXProject "JFramework" */;
			compatibilityVersion = "Xcode 3.2";
			developmentRegion = English;
			hasScannedForEncodings = 0;
			knownRegions = (
				en,
			);
			mainGroup = ADD5EAAE15F325C5005E20E7;
			productRefGroup = ADD5EABA15F325C5005E20E7 /* Products */;
			projectDirPath = "";
			projectRoot = "";
			targets = (
				ADD5EAB815F325C5005E20E7 /* JFramework */,
				AD9D290A1646F7BE00240FDC /* JFrameworkMac */,
			);
		};
/* End PBXProject section */

/* Begin PBXResourcesBuildPhase section */
		AD9D29091646F7BE00240FDC /* Resources */ = {
			isa = PBXResourcesBuildPhase;
			buildActionMask = 2147483647;
			files = (
				AD9D29181646F7BE00240FDC /* InfoPlist.strings in Resources */,
				AD9D291E1646F7BE00240FDC /* Credits.rtf in Resources */,
			);
			runOnlyForDeploymentPostprocessing = 0;
		};
		ADD5EAB715F325C5005E20E7 /* Resources */ = {
			isa = PBXResourcesBuildPhase;
			buildActionMask = 2147483647;
			files = (
				ADD5EAC815F325C5005E20E7 /* InfoPlist.strings in Resources */,
			);
			runOnlyForDeploymentPostprocessing = 0;
		};
/* End PBXResourcesBuildPhase section */

/* Begin PBXSourcesBuildPhase section */
		AD9D29071646F7BE00240FDC /* Sources */ = {
			isa = PBXSourcesBuildPhase;
			buildActionMask = 2147483647;
			files = (
				ADBBD22416619D2C00F2AF13 /* PCSurface.cpp in Sources */,
				ADBBD22616619D2C00F2AF13 /* PhysicsObject.cpp in Sources */,
				ADBBD22816619D2C00F2AF13 /* Surface.cpp in Sources */,
				ADBBD22A16619D2C00F2AF13 /* Transform.cpp in Sources */,
				ADBBD22C16619D2C00F2AF13 /* AutoCrit.cpp in Sources */,
				ADBBD22E16619D2C00F2AF13 /* Common.cpp in Sources */,
				ADBBD23016619D2C00F2AF13 /* GameObject.cpp in Sources */,
				ADBBD23216619D2C00F2AF13 /* MathExt.cpp in Sources */,
				ADBBD23416619D2C00F2AF13 /* GameApp.cpp in Sources */,
				ADBBD23616619D2C00F2AF13 /* PCScreen.cpp in Sources */,
				ADBBD23816619D2C00F2AF13 /* Screen.cpp in Sources */,
				ADBBD23A16619D2C00F2AF13 /* View.cpp in Sources */,
				ADBBD23C16619D2C00F2AF13 /* Level.cpp in Sources */,
				ADBBD27E16619D2C00F2AF13 /* main.cpp in Sources */,
				ADBBD28016619D2C00F2AF13 /* GraphicsManager.cpp in Sources */,
				ADBBD28216619D2C00F2AF13 /* LevelManager.cpp in Sources */,
				ADBBD28416619D2C00F2AF13 /* ObjectManager.cpp in Sources */,
				ADBBD28616619D2C00F2AF13 /* PhysicsWorld.cpp in Sources */,
				ADBBD28816619D2C00F2AF13 /* Parser.cpp in Sources */,
				ADBBD28A16619D2C00F2AF13 /* TextParser.cpp in Sources */,
				ADBBD28C16619D2C00F2AF13 /* XMLParser.cpp in Sources */,
				ADBBD28E16619D2C00F2AF13 /* CollisionPair.cpp in Sources */,
				ADBBD29016619D2C00F2AF13 /* ForceGenerator.cpp in Sources */,
				ADBBD29216619D2C00F2AF13 /* ForceRegistry.cpp in Sources */,
				ADBBD29416619D2C00F2AF13 /* GravityGenerator.cpp in Sources */,
				ADBBD29616619D2C00F2AF13 /* Resolver.cpp in Sources */,
				ADBBD29816619D2C00F2AF13 /* tinyxml2.cpp in Sources */,
				ADBBD29D1661A4B500F2AF13 /* SDLMain.m in Sources */,
				AD0754DA1683D454006DE741 /* lua.c in Sources */,
				AD0754DC1683D454006DE741 /* LUATypes.cpp in Sources */,
				AD0754DE1683D454006DE741 /* SLB.cpp in Sources */,
				ADC4B2CD168AF19000E96A19 /* ControllerManager.cpp in Sources */,
				AD26CCA4168D1400007C3551 /* InputManager.cpp in Sources */,
				AD26CCAD168D1DCB007C3551 /* Controller.cpp in Sources */,
				AD26CCAF168D1DCB007C3551 /* PlayerController.cpp in Sources */,
				AD1680D216914C0700B390A8 /* TextureCoordinates.cpp in Sources */,
				AD38F3F01692369900CE751D /* TileMapGenerator.cpp in Sources */,
				AD35B89616F69DEC001DD957 /* Menu.cpp in Sources */,
				AD35B89C16F69E0F001DD957 /* DebugManager.cpp in Sources */,
				AD35B89E16F69E0F001DD957 /* SoundManager.cpp in Sources */,
				AD59AEBD1702B35300B187BC /* MenuImage.cpp in Sources */,
			);
			runOnlyForDeploymentPostprocessing = 0;
		};
		ADD5EAB515F325C5005E20E7 /* Sources */ = {
			isa = PBXSourcesBuildPhase;
			buildActionMask = 2147483647;
			files = (
				ADD5EACA15F325C5005E20E7 /* main.m in Sources */,
				ADD5EACE15F325C5005E20E7 /* AppDelegate.m in Sources */,
				ADBBD22316619D2C00F2AF13 /* PCSurface.cpp in Sources */,
				ADBBD22516619D2C00F2AF13 /* PhysicsObject.cpp in Sources */,
				ADBBD22716619D2C00F2AF13 /* Surface.cpp in Sources */,
				ADBBD22916619D2C00F2AF13 /* Transform.cpp in Sources */,
				ADBBD22B16619D2C00F2AF13 /* AutoCrit.cpp in Sources */,
				ADBBD22D16619D2C00F2AF13 /* Common.cpp in Sources */,
				ADBBD22F16619D2C00F2AF13 /* GameObject.cpp in Sources */,
				ADBBD23116619D2C00F2AF13 /* MathExt.cpp in Sources */,
				ADBBD23316619D2C00F2AF13 /* GameApp.cpp in Sources */,
				ADBBD23516619D2C00F2AF13 /* PCScreen.cpp in Sources */,
				ADBBD23716619D2C00F2AF13 /* Screen.cpp in Sources */,
				ADBBD23916619D2C00F2AF13 /* View.cpp in Sources */,
				ADBBD23B16619D2C00F2AF13 /* Level.cpp in Sources */,
				ADBBD27D16619D2C00F2AF13 /* main.cpp in Sources */,
				ADBBD27F16619D2C00F2AF13 /* GraphicsManager.cpp in Sources */,
				ADBBD28116619D2C00F2AF13 /* LevelManager.cpp in Sources */,
				ADBBD28316619D2C00F2AF13 /* ObjectManager.cpp in Sources */,
				ADBBD28516619D2C00F2AF13 /* PhysicsWorld.cpp in Sources */,
				ADBBD28716619D2C00F2AF13 /* Parser.cpp in Sources */,
				ADBBD28916619D2C00F2AF13 /* TextParser.cpp in Sources */,
				ADBBD28B16619D2C00F2AF13 /* XMLParser.cpp in Sources */,
				ADBBD28D16619D2C00F2AF13 /* CollisionPair.cpp in Sources */,
				ADBBD28F16619D2C00F2AF13 /* ForceGenerator.cpp in Sources */,
				ADBBD29116619D2C00F2AF13 /* ForceRegistry.cpp in Sources */,
				ADBBD29316619D2C00F2AF13 /* GravityGenerator.cpp in Sources */,
				ADBBD29516619D2C00F2AF13 /* Resolver.cpp in Sources */,
				ADBBD29716619D2C00F2AF13 /* tinyxml2.cpp in Sources */,
				AD0754D91683D454006DE741 /* lua.c in Sources */,
				AD0754DB1683D454006DE741 /* LUATypes.cpp in Sources */,
				AD0754DD1683D454006DE741 /* SLB.cpp in Sources */,
				ADC4B2CC168AF19000E96A19 /* ControllerManager.cpp in Sources */,
				AD26CCA3168D1400007C3551 /* InputManager.cpp in Sources */,
				AD26CCAC168D1DCB007C3551 /* Controller.cpp in Sources */,
				AD26CCAE168D1DCB007C3551 /* PlayerController.cpp in Sources */,
				AD1680D116914C0700B390A8 /* TextureCoordinates.cpp in Sources */,
				AD38F3EF1692369900CE751D /* TileMapGenerator.cpp in Sources */,
				AD35B89516F69DEC001DD957 /* Menu.cpp in Sources */,
				AD35B89B16F69E0F001DD957 /* DebugManager.cpp in Sources */,
				AD35B89D16F69E0F001DD957 /* SoundManager.cpp in Sources */,
				AD59AEBC1702B35300B187BC /* MenuImage.cpp in Sources */,
			);
			runOnlyForDeploymentPostprocessing = 0;
		};
/* End PBXSourcesBuildPhase section */

/* Begin PBXVariantGroup section */
		AD9D29161646F7BE00240FDC /* InfoPlist.strings */ = {
			isa = PBXVariantGroup;
			children = (
				AD9D29171646F7BE00240FDC /* en */,
			);
			name = InfoPlist.strings;
			sourceTree = "<group>";
		};
		AD9D291C1646F7BE00240FDC /* Credits.rtf */ = {
			isa = PBXVariantGroup;
			children = (
				AD9D291D1646F7BE00240FDC /* en */,
			);
			name = Credits.rtf;
			sourceTree = "<group>";
		};
		ADD5EAC615F325C5005E20E7 /* InfoPlist.strings */ = {
			isa = PBXVariantGroup;
			children = (
				ADD5EAC715F325C5005E20E7 /* en */,
			);
			name = InfoPlist.strings;
			sourceTree = "<group>";
		};
/* End PBXVariantGroup section */

/* Begin XCBuildConfiguration section */
		AD9D29261646F7BE00240FDC /* Debug */ = {
			isa = XCBuildConfiguration;
			buildSettings = {
				ARCHS = "$(ARCHS_STANDARD_64_BIT)";
				CLANG_CXX_LIBRARY = "libc++";
				CLANG_ENABLE_OBJC_ARC = NO;
				CLANG_WARN_EMPTY_BODY = YES;
				COMBINE_HIDPI_IMAGES = YES;
				FRAMEWORK_SEARCH_PATHS = (
					"$(inherited)",
					"\"$(SYSTEM_APPS_DIR)/Xcode.app/Contents/Developer/Library/Frameworks\"",
				);
				GCC_ENABLE_OBJC_EXCEPTIONS = YES;
				GCC_PRECOMPILE_PREFIX_HEADER = YES;
				GCC_PREFIX_HEADER = "JFrameworkMac/JFrameworkMac-Prefix.pch";
				GCC_WARN_64_TO_32_BIT_CONVERSION = YES;
				INFOPLIST_FILE = "JFrameworkMac/JFrameworkMac-Info.plist";
				LIBRARY_SEARCH_PATHS = (
					"$(inherited)",
					"\"$(SRCROOT)/../Source/AntTweakBar/lib\"",
				);
				MACOSX_DEPLOYMENT_TARGET = 10.8;
				ONLY_ACTIVE_ARCH = YES;
				PRODUCT_NAME = "$(TARGET_NAME)";
				SDKROOT = macosx;
				WRAPPER_EXTENSION = app;
			};
			name = Debug;
		};
		AD9D29271646F7BE00240FDC /* Release */ = {
			isa = XCBuildConfiguration;
			buildSettings = {
				ARCHS = "$(ARCHS_STANDARD_64_BIT)";
				CLANG_CXX_LIBRARY = "libc++";
				CLANG_ENABLE_OBJC_ARC = NO;
				CLANG_WARN_EMPTY_BODY = YES;
				COMBINE_HIDPI_IMAGES = YES;
				DEBUG_INFORMATION_FORMAT = "dwarf-with-dsym";
				FRAMEWORK_SEARCH_PATHS = (
					"$(inherited)",
					"\"$(SYSTEM_APPS_DIR)/Xcode.app/Contents/Developer/Library/Frameworks\"",
				);
				GCC_ENABLE_OBJC_EXCEPTIONS = YES;
				GCC_PRECOMPILE_PREFIX_HEADER = YES;
				GCC_PREFIX_HEADER = "JFrameworkMac/JFrameworkMac-Prefix.pch";
				GCC_WARN_64_TO_32_BIT_CONVERSION = YES;
				INFOPLIST_FILE = "JFrameworkMac/JFrameworkMac-Info.plist";
				LIBRARY_SEARCH_PATHS = (
					"$(inherited)",
					"\"$(SRCROOT)/../Source/AntTweakBar/lib\"",
				);
				MACOSX_DEPLOYMENT_TARGET = 10.8;
				PRODUCT_NAME = "$(TARGET_NAME)";
				SDKROOT = macosx;
				WRAPPER_EXTENSION = app;
			};
			name = Release;
		};
		ADD5EACF15F325C5005E20E7 /* Debug */ = {
			isa = XCBuildConfiguration;
			buildSettings = {
				ALWAYS_SEARCH_USER_PATHS = NO;
				ARCHS = "$(ARCHS_STANDARD_32_BIT)";
				CLANG_CXX_LANGUAGE_STANDARD = "gnu++0x";
				CLANG_ENABLE_OBJC_ARC = YES;
				CLANG_WARN_CONSTANT_CONVERSION = YES;
				CLANG_WARN_ENUM_CONVERSION = YES;
				CLANG_WARN_INT_CONVERSION = YES;
				CLANG_WARN__DUPLICATE_METHOD_MATCH = YES;
				"CODE_SIGN_IDENTITY[sdk=iphoneos*]" = "iPhone Developer";
				COPY_PHASE_STRIP = NO;
				FRAMEWORK_SEARCH_PATHS = /Library/Frameworks;
				GCC_C_LANGUAGE_STANDARD = gnu99;
				GCC_DYNAMIC_NO_PIC = NO;
				GCC_OPTIMIZATION_LEVEL = 0;
				GCC_PREPROCESSOR_DEFINITIONS = (
					"DEBUG=1",
					"$(inherited)",
				);
				GCC_SYMBOLS_PRIVATE_EXTERN = NO;
				GCC_VERSION = com.apple.compilers.llvm.clang.1_0;
				GCC_WARN_ABOUT_RETURN_TYPE = YES;
				GCC_WARN_UNINITIALIZED_AUTOS = YES;
				GCC_WARN_UNUSED_VARIABLE = YES;
				HEADER_SEARCH_PATHS = (
					"../Source/**",
					/Library/Frameworks/SDL.framework/Headers,
				);
				IPHONEOS_DEPLOYMENT_TARGET = 5.1;
				SDKROOT = iphoneos;
				TARGETED_DEVICE_FAMILY = "1,2";
			};
			name = Debug;
		};
		ADD5EAD015F325C5005E20E7 /* Release */ = {
			isa = XCBuildConfiguration;
			buildSettings = {
				ALWAYS_SEARCH_USER_PATHS = NO;
				ARCHS = "$(ARCHS_STANDARD_32_BIT)";
				CLANG_CXX_LANGUAGE_STANDARD = "gnu++0x";
				CLANG_ENABLE_OBJC_ARC = YES;
				CLANG_WARN_CONSTANT_CONVERSION = YES;
				CLANG_WARN_ENUM_CONVERSION = YES;
				CLANG_WARN_INT_CONVERSION = YES;
				CLANG_WARN__DUPLICATE_METHOD_MATCH = YES;
				"CODE_SIGN_IDENTITY[sdk=iphoneos*]" = "iPhone Developer";
				COPY_PHASE_STRIP = YES;
				FRAMEWORK_SEARCH_PATHS = /Library/Frameworks;
				GCC_C_LANGUAGE_STANDARD = gnu99;
				GCC_VERSION = com.apple.compilers.llvm.clang.1_0;
				GCC_WARN_ABOUT_RETURN_TYPE = YES;
				GCC_WARN_UNINITIALIZED_AUTOS = YES;
				GCC_WARN_UNUSED_VARIABLE = YES;
				HEADER_SEARCH_PATHS = (
					"../Source/**",
					/Library/Frameworks/SDL.framework/Headers,
				);
				IPHONEOS_DEPLOYMENT_TARGET = 5.1;
				OTHER_CFLAGS = "-DNS_BLOCK_ASSERTIONS=1";
				SDKROOT = iphoneos;
				TARGETED_DEVICE_FAMILY = "1,2";
				VALIDATE_PRODUCT = YES;
			};
			name = Release;
		};
		ADD5EAD215F325C5005E20E7 /* Debug */ = {
			isa = XCBuildConfiguration;
			buildSettings = {
				GCC_PRECOMPILE_PREFIX_HEADER = YES;
				GCC_PREFIX_HEADER = "JFramework/JFramework-Prefix.pch";
				INFOPLIST_FILE = "JFramework/JFramework-Info.plist";
				PRODUCT_NAME = "$(TARGET_NAME)";
				WRAPPER_EXTENSION = app;
			};
			name = Debug;
		};
		ADD5EAD315F325C5005E20E7 /* Release */ = {
			isa = XCBuildConfiguration;
			buildSettings = {
				GCC_PRECOMPILE_PREFIX_HEADER = YES;
				GCC_PREFIX_HEADER = "JFramework/JFramework-Prefix.pch";
				INFOPLIST_FILE = "JFramework/JFramework-Info.plist";
				PRODUCT_NAME = "$(TARGET_NAME)";
				WRAPPER_EXTENSION = app;
			};
			name = Release;
		};
/* End XCBuildConfiguration section */

/* Begin XCConfigurationList section */
		AD9D29251646F7BE00240FDC /* Build configuration list for PBXNativeTarget "JFrameworkMac" */ = {
			isa = XCConfigurationList;
			buildConfigurations = (
				AD9D29261646F7BE00240FDC /* Debug */,
				AD9D29271646F7BE00240FDC /* Release */,
			);
			defaultConfigurationIsVisible = 0;
			defaultConfigurationName = Release;
		};
		ADD5EAB315F325C5005E20E7 /* Build configuration list for PBXProject "JFramework" */ = {
			isa = XCConfigurationList;
			buildConfigurations = (
				ADD5EACF15F325C5005E20E7 /* Debug */,
				ADD5EAD015F325C5005E20E7 /* Release */,
			);
			defaultConfigurationIsVisible = 0;
			defaultConfigurationName = Release;
		};
		ADD5EAD115F325C5005E20E7 /* Build configuration list for PBXNativeTarget "JFramework" */ = {
			isa = XCConfigurationList;
			buildConfigurations = (
				ADD5EAD215F325C5005E20E7 /* Debug */,
				ADD5EAD315F325C5005E20E7 /* Release */,
			);
			defaultConfigurationIsVisible = 0;
			defaultConfigurationName = Release;
		};
/* End XCConfigurationList section */
	};
	rootObject = ADD5EAB015F325C5005E20E7 /* Project object */;
}
