
Microsoft Visual Studio Solution File, Format Version 11.00
# Visual Studio 2010
Project("{8BC9CEB8-8B4A-11D0-8D11-00A0C91BC942}") = "JFramework", "JFramework\JFramework.vcxproj", "{BAB1D08B-1725-427D-98DB-33A4F92CAA2D}"
EndProject
Global
	GlobalSection(SolutionConfigurationPlatforms) = preSolution
		Debug|Win32 = Debug|Win32
		Release|Win32 = Release|Win32
	EndGlobalSection
	GlobalSection(ProjectConfigurationPlatforms) = postSolution
		{BAB1D08B-1725-427D-98DB-33A4F92CAA2D}.Debug|Win32.ActiveCfg = Debug|Win32
		{BAB1D08B-1725-427D-98DB-33A4F92CAA2D}.Debug|Win32.Build.0 = Debug|Win32
		{BAB1D08B-1725-427D-98DB-33A4F92CAA2D}.Release|Win32.ActiveCfg = Release|Win32
		{BAB1D08B-1725-427D-98DB-33A4F92CAA2D}.Release|Win32.Build.0 = Release|Win32
	EndGlobalSection
	GlobalSection(SolutionProperties) = preSolution
		HideSolutionNode = FALSE
	EndGlobalSection
EndGlobal
